
Microsoft Visual Studio Solution File, Format Version 12.00
# Visual Studio 2013
VisualStudioVersion = 12.0.31101.0
MinimumVisualStudioVersion = 10.0.40219.1
Project("{FAE04EC0-301F-11D3-BF4B-00C04F79EFBC}") = "TextBoxButtonControl", "TextBoxButtonControl\TextBoxButtonControl.csproj", "{9F115B2C-E3DA-4D53-BEE0-C058EA14CF8F}"
EndProject
Project("{FAE04EC0-301F-11D3-BF4B-00C04F79EFBC}") = "PruebaControl", "PruebaControl\PruebaControl.csproj", "{BCE03BB3-3F3D-483E-B35C-154B397335B3}"
EndProject
Global
	GlobalSection(SolutionConfigurationPlatforms) = preSolution
		Debug|Any CPU = Debug|Any CPU
		Release|Any CPU = Release|Any CPU
	EndGlobalSection
	GlobalSection(ProjectConfigurationPlatforms) = postSolution
		{9F115B2C-E3DA-4D53-BEE0-C058EA14CF8F}.Debug|Any CPU.ActiveCfg = Debug|Any CPU
		{9F115B2C-E3DA-4D53-BEE0-C058EA14CF8F}.Debug|Any CPU.Build.0 = Debug|Any CPU
		{9F115B2C-E3DA-4D53-BEE0-C058EA14CF8F}.Release|Any CPU.ActiveCfg = Release|Any CPU
		{9F115B2C-E3DA-4D53-BEE0-C058EA14CF8F}.Release|Any CPU.Build.0 = Release|Any CPU
		{BCE03BB3-3F3D-483E-B35C-154B397335B3}.Debug|Any CPU.ActiveCfg = Debug|Any CPU
		{BCE03BB3-3F3D-483E-B35C-154B397335B3}.Debug|Any CPU.Build.0 = Debug|Any CPU
		{BCE03BB3-3F3D-483E-B35C-154B397335B3}.Release|Any CPU.ActiveCfg = Release|Any CPU
		{BCE03BB3-3F3D-483E-B35C-154B397335B3}.Release|Any CPU.Build.0 = Release|Any CPU
	EndGlobalSection
	GlobalSection(SolutionProperties) = preSolution
		HideSolutionNode = FALSE
	EndGlobalSection
EndGlobal
