
Microsoft Visual Studio Solution File, Format Version 12.00
# Visual Studio 2013
VisualStudioVersion = 12.0.21005.1
MinimumVisualStudioVersion = 10.0.40219.1
Project("{FAE04EC0-301F-11D3-BF4B-00C04F79EFBC}") = "PDM.Model", "PDM.Model\PDM.Model.csproj", "{B4C0A1CE-F9FB-4916-9501-12244E50BECC}"
EndProject
Project("{FAE04EC0-301F-11D3-BF4B-00C04F79EFBC}") = "PDM.IRepository", "PDM.IRepository\PDM.IRepository.csproj", "{F493481F-6A51-48E6-85AB-FFA3E44B343E}"
EndProject
Project("{FAE04EC0-301F-11D3-BF4B-00C04F79EFBC}") = "PDM.Repository", "PDM.Repository\PDM.Repository.csproj", "{5691D05C-E716-4F36-9830-86B267A041DB}"
EndProject
Project("{FAE04EC0-301F-11D3-BF4B-00C04F79EFBC}") = "PDM.DataAccess", "PDM..DataAccess\PDM.DataAccess.csproj", "{748B9C5B-60AF-41CB-88AF-69BB7E46BAEA}"
EndProject
Project("{FAE04EC0-301F-11D3-BF4B-00C04F79EFBC}") = "PDM.Web", "PDM.Web\PDM.Web.csproj", "{5507E7BE-BADC-40EB-AC9D-356F92011D5D}"
EndProject
Project("{2150E333-8FDC-42A3-9474-1A3956D46DE8}") = ".nuget", ".nuget", "{98DBDBBB-6DD8-458E-95F0-6A4F262A1299}"
	ProjectSection(SolutionItems) = preProject
		.nuget\NuGet.Config = .nuget\NuGet.Config
		.nuget\NuGet.exe = .nuget\NuGet.exe
		.nuget\NuGet.targets = .nuget\NuGet.targets
	EndProjectSection
EndProject
Global
	GlobalSection(SolutionConfigurationPlatforms) = preSolution
		Debug|Any CPU = Debug|Any CPU
		Release|Any CPU = Release|Any CPU
	EndGlobalSection
	GlobalSection(ProjectConfigurationPlatforms) = postSolution
		{B4C0A1CE-F9FB-4916-9501-12244E50BECC}.Debug|Any CPU.ActiveCfg = Debug|Any CPU
		{B4C0A1CE-F9FB-4916-9501-12244E50BECC}.Debug|Any CPU.Build.0 = Debug|Any CPU
		{B4C0A1CE-F9FB-4916-9501-12244E50BECC}.Release|Any CPU.ActiveCfg = Release|Any CPU
		{B4C0A1CE-F9FB-4916-9501-12244E50BECC}.Release|Any CPU.Build.0 = Release|Any CPU
		{F493481F-6A51-48E6-85AB-FFA3E44B343E}.Debug|Any CPU.ActiveCfg = Debug|Any CPU
		{F493481F-6A51-48E6-85AB-FFA3E44B343E}.Debug|Any CPU.Build.0 = Debug|Any CPU
		{F493481F-6A51-48E6-85AB-FFA3E44B343E}.Release|Any CPU.ActiveCfg = Release|Any CPU
		{F493481F-6A51-48E6-85AB-FFA3E44B343E}.Release|Any CPU.Build.0 = Release|Any CPU
		{5691D05C-E716-4F36-9830-86B267A041DB}.Debug|Any CPU.ActiveCfg = Debug|Any CPU
		{5691D05C-E716-4F36-9830-86B267A041DB}.Debug|Any CPU.Build.0 = Debug|Any CPU
		{5691D05C-E716-4F36-9830-86B267A041DB}.Release|Any CPU.ActiveCfg = Release|Any CPU
		{5691D05C-E716-4F36-9830-86B267A041DB}.Release|Any CPU.Build.0 = Release|Any CPU
		{748B9C5B-60AF-41CB-88AF-69BB7E46BAEA}.Debug|Any CPU.ActiveCfg = Debug|Any CPU
		{748B9C5B-60AF-41CB-88AF-69BB7E46BAEA}.Debug|Any CPU.Build.0 = Debug|Any CPU
		{748B9C5B-60AF-41CB-88AF-69BB7E46BAEA}.Release|Any CPU.ActiveCfg = Release|Any CPU
		{748B9C5B-60AF-41CB-88AF-69BB7E46BAEA}.Release|Any CPU.Build.0 = Release|Any CPU
		{5507E7BE-BADC-40EB-AC9D-356F92011D5D}.Debug|Any CPU.ActiveCfg = Debug|Any CPU
		{5507E7BE-BADC-40EB-AC9D-356F92011D5D}.Debug|Any CPU.Build.0 = Debug|Any CPU
		{5507E7BE-BADC-40EB-AC9D-356F92011D5D}.Release|Any CPU.ActiveCfg = Release|Any CPU
		{5507E7BE-BADC-40EB-AC9D-356F92011D5D}.Release|Any CPU.Build.0 = Release|Any CPU
	EndGlobalSection
	GlobalSection(SolutionProperties) = preSolution
		HideSolutionNode = FALSE
	EndGlobalSection
EndGlobal
