
Microsoft Visual Studio Solution File, Format Version 12.00
# Visual Studio 2012
Project("{F184B08F-C81C-45F6-A57F-5ABD9991F28F}") = "CancelATask", "CancelATask\CancelATask.vbproj", "{46247D99-206C-4E2F-8233-11483FA83C96}"
EndProject
Project("{F184B08F-C81C-45F6-A57F-5ABD9991F28F}") = "CancelAListOfTasks", "CancelAListOfTasks\CancelAListOfTasks.vbproj", "{B3DF3864-7890-4025-9574-2AE522C9A165}"
EndProject
Project("{F184B08F-C81C-45F6-A57F-5ABD9991F28F}") = "CancelAfterTime", "CancelAfterTime\CancelAfterTime.vbproj", "{CDFF76B7-FFD2-460D-8385-7D053FD19852}"
EndProject
Project("{F184B08F-C81C-45F6-A57F-5ABD9991F28F}") = "CancelAfterOneTask", "CancelAfterOneTask\CancelAfterOneTask.vbproj", "{B769BD6F-7CDB-4685-9F8A-9C14E173C2B0}"
EndProject
Project("{F184B08F-C81C-45F6-A57F-5ABD9991F28F}") = "ProcessTasksAsTheyFinish", "ProcessTasksAsTheyFinish\ProcessTasksAsTheyFinish.vbproj", "{0133A23F-02F3-435B-9F90-3802798CA8A1}"
EndProject
Project("{F184B08F-C81C-45F6-A57F-5ABD9991F28F}") = "StarterCode", "StarterCode\StarterCode.vbproj", "{4D5CB38F-7CA7-40DC-A639-9F675DFB875B}"
EndProject
Global
	GlobalSection(SolutionConfigurationPlatforms) = preSolution
		Debug|Any CPU = Debug|Any CPU
		Release|Any CPU = Release|Any CPU
	EndGlobalSection
	GlobalSection(ProjectConfigurationPlatforms) = postSolution
		{46247D99-206C-4E2F-8233-11483FA83C96}.Debug|Any CPU.ActiveCfg = Debug|Any CPU
		{46247D99-206C-4E2F-8233-11483FA83C96}.Debug|Any CPU.Build.0 = Debug|Any CPU
		{46247D99-206C-4E2F-8233-11483FA83C96}.Release|Any CPU.ActiveCfg = Release|Any CPU
		{46247D99-206C-4E2F-8233-11483FA83C96}.Release|Any CPU.Build.0 = Release|Any CPU
		{B3DF3864-7890-4025-9574-2AE522C9A165}.Debug|Any CPU.ActiveCfg = Debug|Any CPU
		{B3DF3864-7890-4025-9574-2AE522C9A165}.Debug|Any CPU.Build.0 = Debug|Any CPU
		{B3DF3864-7890-4025-9574-2AE522C9A165}.Release|Any CPU.ActiveCfg = Release|Any CPU
		{B3DF3864-7890-4025-9574-2AE522C9A165}.Release|Any CPU.Build.0 = Release|Any CPU
		{CDFF76B7-FFD2-460D-8385-7D053FD19852}.Debug|Any CPU.ActiveCfg = Debug|Any CPU
		{CDFF76B7-FFD2-460D-8385-7D053FD19852}.Debug|Any CPU.Build.0 = Debug|Any CPU
		{CDFF76B7-FFD2-460D-8385-7D053FD19852}.Release|Any CPU.ActiveCfg = Release|Any CPU
		{CDFF76B7-FFD2-460D-8385-7D053FD19852}.Release|Any CPU.Build.0 = Release|Any CPU
		{B769BD6F-7CDB-4685-9F8A-9C14E173C2B0}.Debug|Any CPU.ActiveCfg = Debug|Any CPU
		{B769BD6F-7CDB-4685-9F8A-9C14E173C2B0}.Debug|Any CPU.Build.0 = Debug|Any CPU
		{B769BD6F-7CDB-4685-9F8A-9C14E173C2B0}.Release|Any CPU.ActiveCfg = Release|Any CPU
		{B769BD6F-7CDB-4685-9F8A-9C14E173C2B0}.Release|Any CPU.Build.0 = Release|Any CPU
		{0133A23F-02F3-435B-9F90-3802798CA8A1}.Debug|Any CPU.ActiveCfg = Debug|Any CPU
		{0133A23F-02F3-435B-9F90-3802798CA8A1}.Debug|Any CPU.Build.0 = Debug|Any CPU
		{0133A23F-02F3-435B-9F90-3802798CA8A1}.Release|Any CPU.ActiveCfg = Release|Any CPU
		{0133A23F-02F3-435B-9F90-3802798CA8A1}.Release|Any CPU.Build.0 = Release|Any CPU
		{4D5CB38F-7CA7-40DC-A639-9F675DFB875B}.Debug|Any CPU.ActiveCfg = Debug|Any CPU
		{4D5CB38F-7CA7-40DC-A639-9F675DFB875B}.Debug|Any CPU.Build.0 = Debug|Any CPU
		{4D5CB38F-7CA7-40DC-A639-9F675DFB875B}.Release|Any CPU.ActiveCfg = Release|Any CPU
		{4D5CB38F-7CA7-40DC-A639-9F675DFB875B}.Release|Any CPU.Build.0 = Release|Any CPU
	EndGlobalSection
	GlobalSection(SolutionProperties) = preSolution
		HideSolutionNode = FALSE
	EndGlobalSection
EndGlobal
