
Microsoft Visual Studio Solution File, Format Version 12.00
# Visual Studio 15
VisualStudioVersion = 15.0.27130.2020
MinimumVisualStudioVersion = 10.0.40219.1
Project("{FAE04EC0-301F-11D3-BF4B-00C04F79EFBC}") = "RazorPagesExample", "RazorPagesExample\RazorPagesExample.csproj", "{A1CC9709-7239-4B84-9163-B4EC858C54F9}"
EndProject
Global
	GlobalSection(SolutionConfigurationPlatforms) = preSolution
		Debug|Any CPU = Debug|Any CPU
		Release|Any CPU = Release|Any CPU
	EndGlobalSection
	GlobalSection(ProjectConfigurationPlatforms) = postSolution
		{A1CC9709-7239-4B84-9163-B4EC858C54F9}.Debug|Any CPU.ActiveCfg = Debug|Any CPU
		{A1CC9709-7239-4B84-9163-B4EC858C54F9}.Debug|Any CPU.Build.0 = Debug|Any CPU
		{A1CC9709-7239-4B84-9163-B4EC858C54F9}.Release|Any CPU.ActiveCfg = Release|Any CPU
		{A1CC9709-7239-4B84-9163-B4EC858C54F9}.Release|Any CPU.Build.0 = Release|Any CPU
	EndGlobalSection
	GlobalSection(SolutionProperties) = preSolution
		HideSolutionNode = FALSE
	EndGlobalSection
	GlobalSection(ExtensibilityGlobals) = postSolution
		SolutionGuid = {95180CFB-328E-4C2A-A168-9F305F02A5A5}
	EndGlobalSection
EndGlobal
