
Microsoft Visual Studio Solution File, Format Version 11.00
# Visual Studio 2010
Project("{FAE04EC0-301F-11D3-BF4B-00C04F79EFBC}") = "CRMOnlineSOAPRequests", "CRMOnlineSOAPRequests\CRMOnlineSOAPRequests.csproj", "{D85EFD6F-C9B7-4254-BE4A-A1392249420E}"
EndProject
Global
	GlobalSection(SolutionConfigurationPlatforms) = preSolution
		Debug|x86 = Debug|x86
		Release|x86 = Release|x86
	EndGlobalSection
	GlobalSection(ProjectConfigurationPlatforms) = postSolution
		{D85EFD6F-C9B7-4254-BE4A-A1392249420E}.Debug|x86.ActiveCfg = Debug|x86
		{D85EFD6F-C9B7-4254-BE4A-A1392249420E}.Debug|x86.Build.0 = Debug|x86
		{D85EFD6F-C9B7-4254-BE4A-A1392249420E}.Release|x86.ActiveCfg = Release|x86
		{D85EFD6F-C9B7-4254-BE4A-A1392249420E}.Release|x86.Build.0 = Release|x86
	EndGlobalSection
	GlobalSection(SolutionProperties) = preSolution
		HideSolutionNode = FALSE
	EndGlobalSection
EndGlobal
