
Microsoft Visual Studio Solution File, Format Version 12.00
# Visual Studio 2013
VisualStudioVersion = 12.0.40629.0
MinimumVisualStudioVersion = 10.0.40219.1
Project("{8BC9CEB8-8B4A-11D0-8D11-00A0C91BC942}") = "demo-cpp-convert-to-pdf", "demo-cpp-convert-to-pdf.vcxproj", "{D566DEE2-899D-40F1-9D3F-1CF1F09CDEAA}"
EndProject
Global
	GlobalSection(SolutionConfigurationPlatforms) = preSolution
		Debug|Win32 = Debug|Win32
		Debug|x64 = Debug|x64
		Release|Win32 = Release|Win32
		Release|x64 = Release|x64
	EndGlobalSection
	GlobalSection(ProjectConfigurationPlatforms) = postSolution
		{D566DEE2-899D-40F1-9D3F-1CF1F09CDEAA}.Debug|Win32.ActiveCfg = Debug|Win32
		{D566DEE2-899D-40F1-9D3F-1CF1F09CDEAA}.Debug|Win32.Build.0 = Debug|Win32
		{D566DEE2-899D-40F1-9D3F-1CF1F09CDEAA}.Debug|x64.ActiveCfg = Debug|x64
		{D566DEE2-899D-40F1-9D3F-1CF1F09CDEAA}.Debug|x64.Build.0 = Debug|x64
		{D566DEE2-899D-40F1-9D3F-1CF1F09CDEAA}.Release|Win32.ActiveCfg = Release|Win32
		{D566DEE2-899D-40F1-9D3F-1CF1F09CDEAA}.Release|Win32.Build.0 = Release|Win32
		{D566DEE2-899D-40F1-9D3F-1CF1F09CDEAA}.Release|x64.ActiveCfg = Release|x64
		{D566DEE2-899D-40F1-9D3F-1CF1F09CDEAA}.Release|x64.Build.0 = Release|x64
	EndGlobalSection
	GlobalSection(SolutionProperties) = preSolution
		HideSolutionNode = FALSE
	EndGlobalSection
EndGlobal
