
Microsoft Visual Studio Solution File, Format Version 12.00
# Visual Studio 2012
Project("{FAE04EC0-301F-11D3-BF4B-00C04F79EFBC}") = "cSharpChat", "cSharpChat\cSharpChat.csproj", "{1A185ED5-94A4-4E22-88C8-1E3820C0A2ED}"
EndProject
Global
	GlobalSection(SolutionConfigurationPlatforms) = preSolution
		Debug|Any CPU = Debug|Any CPU
		Release|Any CPU = Release|Any CPU
	EndGlobalSection
	GlobalSection(ProjectConfigurationPlatforms) = postSolution
		{1A185ED5-94A4-4E22-88C8-1E3820C0A2ED}.Debug|Any CPU.ActiveCfg = Debug|Any CPU
		{1A185ED5-94A4-4E22-88C8-1E3820C0A2ED}.Debug|Any CPU.Build.0 = Debug|Any CPU
		{1A185ED5-94A4-4E22-88C8-1E3820C0A2ED}.Release|Any CPU.ActiveCfg = Release|Any CPU
		{1A185ED5-94A4-4E22-88C8-1E3820C0A2ED}.Release|Any CPU.Build.0 = Release|Any CPU
	EndGlobalSection
	GlobalSection(SolutionProperties) = preSolution
		HideSolutionNode = FALSE
	EndGlobalSection
EndGlobal
