
Microsoft Visual Studio Solution File, Format Version 12.00
# Visual Studio 2013
VisualStudioVersion = 12.0.31101.0
MinimumVisualStudioVersion = 10.0.40219.1
Project("{F184B08F-C81C-45F6-A57F-5ABD9991F28F}") = "GridExtension", "GridExtension\GridExtension.vbproj", "{324C25E0-5B04-4EA7-8227-B2BE187440AE}"
EndProject
Project("{F184B08F-C81C-45F6-A57F-5ABD9991F28F}") = "GridTest", "GridTest\GridTest.vbproj", "{60AC458C-318B-4560-986E-E2A8CAD9F591}"
EndProject
Global
	GlobalSection(SolutionConfigurationPlatforms) = preSolution
		Debug|Any CPU = Debug|Any CPU
		Release|Any CPU = Release|Any CPU
	EndGlobalSection
	GlobalSection(ProjectConfigurationPlatforms) = postSolution
		{324C25E0-5B04-4EA7-8227-B2BE187440AE}.Debug|Any CPU.ActiveCfg = Debug|Any CPU
		{324C25E0-5B04-4EA7-8227-B2BE187440AE}.Debug|Any CPU.Build.0 = Debug|Any CPU
		{324C25E0-5B04-4EA7-8227-B2BE187440AE}.Release|Any CPU.ActiveCfg = Release|Any CPU
		{324C25E0-5B04-4EA7-8227-B2BE187440AE}.Release|Any CPU.Build.0 = Release|Any CPU
		{60AC458C-318B-4560-986E-E2A8CAD9F591}.Debug|Any CPU.ActiveCfg = Debug|Any CPU
		{60AC458C-318B-4560-986E-E2A8CAD9F591}.Debug|Any CPU.Build.0 = Debug|Any CPU
		{60AC458C-318B-4560-986E-E2A8CAD9F591}.Release|Any CPU.ActiveCfg = Release|Any CPU
		{60AC458C-318B-4560-986E-E2A8CAD9F591}.Release|Any CPU.Build.0 = Release|Any CPU
	EndGlobalSection
	GlobalSection(SolutionProperties) = preSolution
		HideSolutionNode = FALSE
	EndGlobalSection
EndGlobal
