
Microsoft Visual Studio Solution File, Format Version 12.00
# Visual Studio 15
VisualStudioVersion = 15.0.26403.7
MinimumVisualStudioVersion = 10.0.40219.1
Project("{262852C6-CD72-467D-83FE-5EEB1973A190}") = "CordovaWinJsVS2017Example", "CordovaWinJsVS2017Example\CordovaWinJsVS2017Example.jsproj", "{A8382BF3-E78B-4B5A-92CD-A020E5D31F99}"
EndProject
Global
	GlobalSection(SolutionConfigurationPlatforms) = preSolution
		Debug|Android = Debug|Android
		Debug|iOS = Debug|iOS
		Debug|Windows-ARM = Debug|Windows-ARM
		Debug|Windows-x64 = Debug|Windows-x64
		Debug|Windows-x86 = Debug|Windows-x86
		Release|Android = Release|Android
		Release|iOS = Release|iOS
		Release|Windows-ARM = Release|Windows-ARM
		Release|Windows-x64 = Release|Windows-x64
		Release|Windows-x86 = Release|Windows-x86
	EndGlobalSection
	GlobalSection(ProjectConfigurationPlatforms) = postSolution
		{A8382BF3-E78B-4B5A-92CD-A020E5D31F99}.Debug|Android.ActiveCfg = Debug|Android
		{A8382BF3-E78B-4B5A-92CD-A020E5D31F99}.Debug|Android.Build.0 = Debug|Android
		{A8382BF3-E78B-4B5A-92CD-A020E5D31F99}.Debug|Android.Deploy.0 = Debug|Android
		{A8382BF3-E78B-4B5A-92CD-A020E5D31F99}.Debug|iOS.ActiveCfg = Debug|iOS
		{A8382BF3-E78B-4B5A-92CD-A020E5D31F99}.Debug|iOS.Build.0 = Debug|iOS
		{A8382BF3-E78B-4B5A-92CD-A020E5D31F99}.Debug|iOS.Deploy.0 = Debug|iOS
		{A8382BF3-E78B-4B5A-92CD-A020E5D31F99}.Debug|Windows-ARM.ActiveCfg = Debug|Windows-ARM
		{A8382BF3-E78B-4B5A-92CD-A020E5D31F99}.Debug|Windows-ARM.Build.0 = Debug|Windows-ARM
		{A8382BF3-E78B-4B5A-92CD-A020E5D31F99}.Debug|Windows-ARM.Deploy.0 = Debug|Windows-ARM
		{A8382BF3-E78B-4B5A-92CD-A020E5D31F99}.Debug|Windows-x64.ActiveCfg = Debug|Windows-x64
		{A8382BF3-E78B-4B5A-92CD-A020E5D31F99}.Debug|Windows-x64.Build.0 = Debug|Windows-x64
		{A8382BF3-E78B-4B5A-92CD-A020E5D31F99}.Debug|Windows-x64.Deploy.0 = Debug|Windows-x64
		{A8382BF3-E78B-4B5A-92CD-A020E5D31F99}.Debug|Windows-x86.ActiveCfg = Debug|Windows-x86
		{A8382BF3-E78B-4B5A-92CD-A020E5D31F99}.Debug|Windows-x86.Build.0 = Debug|Windows-x86
		{A8382BF3-E78B-4B5A-92CD-A020E5D31F99}.Debug|Windows-x86.Deploy.0 = Debug|Windows-x86
		{A8382BF3-E78B-4B5A-92CD-A020E5D31F99}.Release|Android.ActiveCfg = Release|Android
		{A8382BF3-E78B-4B5A-92CD-A020E5D31F99}.Release|Android.Build.0 = Release|Android
		{A8382BF3-E78B-4B5A-92CD-A020E5D31F99}.Release|Android.Deploy.0 = Release|Android
		{A8382BF3-E78B-4B5A-92CD-A020E5D31F99}.Release|iOS.ActiveCfg = Release|iOS
		{A8382BF3-E78B-4B5A-92CD-A020E5D31F99}.Release|iOS.Build.0 = Release|iOS
		{A8382BF3-E78B-4B5A-92CD-A020E5D31F99}.Release|iOS.Deploy.0 = Release|iOS
		{A8382BF3-E78B-4B5A-92CD-A020E5D31F99}.Release|Windows-ARM.ActiveCfg = Release|Windows-ARM
		{A8382BF3-E78B-4B5A-92CD-A020E5D31F99}.Release|Windows-ARM.Build.0 = Release|Windows-ARM
		{A8382BF3-E78B-4B5A-92CD-A020E5D31F99}.Release|Windows-ARM.Deploy.0 = Release|Windows-ARM
		{A8382BF3-E78B-4B5A-92CD-A020E5D31F99}.Release|Windows-x64.ActiveCfg = Release|Windows-x64
		{A8382BF3-E78B-4B5A-92CD-A020E5D31F99}.Release|Windows-x64.Build.0 = Release|Windows-x64
		{A8382BF3-E78B-4B5A-92CD-A020E5D31F99}.Release|Windows-x64.Deploy.0 = Release|Windows-x64
		{A8382BF3-E78B-4B5A-92CD-A020E5D31F99}.Release|Windows-x86.ActiveCfg = Release|Windows-x86
		{A8382BF3-E78B-4B5A-92CD-A020E5D31F99}.Release|Windows-x86.Build.0 = Release|Windows-x86
		{A8382BF3-E78B-4B5A-92CD-A020E5D31F99}.Release|Windows-x86.Deploy.0 = Release|Windows-x86
	EndGlobalSection
	GlobalSection(SolutionProperties) = preSolution
		HideSolutionNode = FALSE
	EndGlobalSection
EndGlobal
