
Microsoft Visual Studio Solution File, Format Version 12.00
# Visual Studio 2012
Project("{FAE04EC0-301F-11D3-BF4B-00C04F79EFBC}") = "GPXRouteViewerSample", "GPXRouteViewerSample\GPXRouteViewerSample.csproj", "{9B38C6A1-A406-4348-939A-766EE0D763EC}"
EndProject
Global
	GlobalSection(TeamFoundationVersionControl) = preSolution
		SccNumberOfProjects = 2
		SccEnterpriseProvider = {4CA58AB2-18FA-4F8D-95D4-32DDF27D184C}
		SccTeamFoundationServer = http://vstfbingmobile:8080/tfs/bingmobile
		SccProjectUniqueName0 = GPXRouteViewerSample\\GPXRouteViewerSample.csproj
		SccProjectName0 = GPXRouteViewerSample
		SccLocalPath0 = GPXRouteViewerSample
		SccLocalPath1 = .
	EndGlobalSection
	GlobalSection(SolutionConfigurationPlatforms) = preSolution
		Debug|ARM = Debug|ARM
		Debug|x64 = Debug|x64
		Debug|x86 = Debug|x86
		Release|ARM = Release|ARM
		Release|x64 = Release|x64
		Release|x86 = Release|x86
	EndGlobalSection
	GlobalSection(ProjectConfigurationPlatforms) = postSolution
		{9B38C6A1-A406-4348-939A-766EE0D763EC}.Debug|ARM.ActiveCfg = Debug|ARM
		{9B38C6A1-A406-4348-939A-766EE0D763EC}.Debug|ARM.Build.0 = Debug|ARM
		{9B38C6A1-A406-4348-939A-766EE0D763EC}.Debug|ARM.Deploy.0 = Debug|ARM
		{9B38C6A1-A406-4348-939A-766EE0D763EC}.Debug|x64.ActiveCfg = Debug|x64
		{9B38C6A1-A406-4348-939A-766EE0D763EC}.Debug|x64.Build.0 = Debug|x64
		{9B38C6A1-A406-4348-939A-766EE0D763EC}.Debug|x64.Deploy.0 = Debug|x64
		{9B38C6A1-A406-4348-939A-766EE0D763EC}.Debug|x86.ActiveCfg = Debug|x86
		{9B38C6A1-A406-4348-939A-766EE0D763EC}.Debug|x86.Build.0 = Debug|x86
		{9B38C6A1-A406-4348-939A-766EE0D763EC}.Debug|x86.Deploy.0 = Debug|x86
		{9B38C6A1-A406-4348-939A-766EE0D763EC}.Release|ARM.ActiveCfg = Release|ARM
		{9B38C6A1-A406-4348-939A-766EE0D763EC}.Release|ARM.Build.0 = Release|ARM
		{9B38C6A1-A406-4348-939A-766EE0D763EC}.Release|ARM.Deploy.0 = Release|ARM
		{9B38C6A1-A406-4348-939A-766EE0D763EC}.Release|x64.ActiveCfg = Release|x64
		{9B38C6A1-A406-4348-939A-766EE0D763EC}.Release|x64.Build.0 = Release|x64
		{9B38C6A1-A406-4348-939A-766EE0D763EC}.Release|x64.Deploy.0 = Release|x64
		{9B38C6A1-A406-4348-939A-766EE0D763EC}.Release|x86.ActiveCfg = Release|x86
		{9B38C6A1-A406-4348-939A-766EE0D763EC}.Release|x86.Build.0 = Release|x86
		{9B38C6A1-A406-4348-939A-766EE0D763EC}.Release|x86.Deploy.0 = Release|x86
	EndGlobalSection
	GlobalSection(SolutionProperties) = preSolution
		HideSolutionNode = FALSE
	EndGlobalSection
EndGlobal
