
Microsoft Visual Studio Solution File, Format Version 10.00
# Visual C# Express 2008
Project("{FAE04EC0-301F-11D3-BF4B-00C04F79EFBC}") = "Creating Shortcuts Demo", "Creating Shortcuts Demo\Creating Shortcuts Demo.csproj", "{227BA2BB-EB40-48E1-96B5-E064695C140F}"
EndProject
Global
	GlobalSection(SolutionConfigurationPlatforms) = preSolution
		Debug|Any CPU = Debug|Any CPU
		Release|Any CPU = Release|Any CPU
	EndGlobalSection
	GlobalSection(ProjectConfigurationPlatforms) = postSolution
		{227BA2BB-EB40-48E1-96B5-E064695C140F}.Debug|Any CPU.ActiveCfg = Debug|Any CPU
		{227BA2BB-EB40-48E1-96B5-E064695C140F}.Debug|Any CPU.Build.0 = Debug|Any CPU
		{227BA2BB-EB40-48E1-96B5-E064695C140F}.Release|Any CPU.ActiveCfg = Release|Any CPU
		{227BA2BB-EB40-48E1-96B5-E064695C140F}.Release|Any CPU.Build.0 = Release|Any CPU
	EndGlobalSection
	GlobalSection(SolutionProperties) = preSolution
		HideSolutionNode = FALSE
	EndGlobalSection
EndGlobal
