
Microsoft Visual Studio Solution File, Format Version 12.00
# Visual Studio 2013
VisualStudioVersion = 12.0.40629.0
MinimumVisualStudioVersion = 10.0.40219.1
Project("{FAE04EC0-301F-11D3-BF4B-00C04F79EFBC}") = "CompressImages_PDF", "CompressImages_PDF\CompressImages_PDF.csproj", "{A6593E3F-2E7E-47AD-ACC3-1AA9724EB7F6}"
EndProject
Project("{FAE04EC0-301F-11D3-BF4B-00C04F79EFBC}") = "CompressImages1_PDF", "CompressImages1_PDF\CompressImages1_PDF.csproj", "{4C491A99-CEC3-4E64-BDE4-23A7B46CB268}"
EndProject
Global
	GlobalSection(SolutionConfigurationPlatforms) = preSolution
		Debug|Any CPU = Debug|Any CPU
		Release|Any CPU = Release|Any CPU
	EndGlobalSection
	GlobalSection(ProjectConfigurationPlatforms) = postSolution
		{A6593E3F-2E7E-47AD-ACC3-1AA9724EB7F6}.Debug|Any CPU.ActiveCfg = Debug|Any CPU
		{A6593E3F-2E7E-47AD-ACC3-1AA9724EB7F6}.Debug|Any CPU.Build.0 = Debug|Any CPU
		{A6593E3F-2E7E-47AD-ACC3-1AA9724EB7F6}.Release|Any CPU.ActiveCfg = Release|Any CPU
		{A6593E3F-2E7E-47AD-ACC3-1AA9724EB7F6}.Release|Any CPU.Build.0 = Release|Any CPU
		{4C491A99-CEC3-4E64-BDE4-23A7B46CB268}.Debug|Any CPU.ActiveCfg = Debug|Any CPU
		{4C491A99-CEC3-4E64-BDE4-23A7B46CB268}.Debug|Any CPU.Build.0 = Debug|Any CPU
		{4C491A99-CEC3-4E64-BDE4-23A7B46CB268}.Release|Any CPU.ActiveCfg = Release|Any CPU
		{4C491A99-CEC3-4E64-BDE4-23A7B46CB268}.Release|Any CPU.Build.0 = Release|Any CPU
	EndGlobalSection
	GlobalSection(SolutionProperties) = preSolution
		HideSolutionNode = FALSE
	EndGlobalSection
EndGlobal
