
Microsoft Visual Studio Solution File, Format Version 12.00
# Visual Studio 2013
VisualStudioVersion = 12.0.30324.0
MinimumVisualStudioVersion = 10.0.40219.1
Project("{2150E333-8FDC-42A3-9474-1A3956D46DE8}") = "Web", "Web", "{F79F2AEE-9A1A-4B2C-A5DF-2686453FBED7}"
EndProject
Project("{2150E333-8FDC-42A3-9474-1A3956D46DE8}") = "Windows Store", "Windows Store", "{8D8359EB-C80D-4A6F-8DE7-600DF45885C7}"
EndProject
Project("{FAE04EC0-301F-11D3-BF4B-00C04F79EFBC}") = "AnimatedMaps", "AnimatedMaps\Web\AnimatedMaps.csproj", "{27DFCB56-C10F-4E01-9425-2B8F3DABAEAD}"
EndProject
Project("{262852C6-CD72-467D-83FE-5EEB1973A190}") = "AnimatedMaps", "AnimatedMaps\Windows Store\AnimatedMaps\AnimatedMaps.jsproj", "{951D3F1A-E644-4A94-9740-B8C52B429A1A}"
EndProject
Global
	GlobalSection(SolutionConfigurationPlatforms) = preSolution
		Debug|Any CPU = Debug|Any CPU
		Debug|ARM = Debug|ARM
		Debug|x64 = Debug|x64
		Debug|x86 = Debug|x86
		Release|Any CPU = Release|Any CPU
		Release|ARM = Release|ARM
		Release|x64 = Release|x64
		Release|x86 = Release|x86
	EndGlobalSection
	GlobalSection(ProjectConfigurationPlatforms) = postSolution
		{27DFCB56-C10F-4E01-9425-2B8F3DABAEAD}.Debug|Any CPU.ActiveCfg = Debug|Any CPU
		{27DFCB56-C10F-4E01-9425-2B8F3DABAEAD}.Debug|Any CPU.Build.0 = Debug|Any CPU
		{27DFCB56-C10F-4E01-9425-2B8F3DABAEAD}.Debug|ARM.ActiveCfg = Debug|Any CPU
		{27DFCB56-C10F-4E01-9425-2B8F3DABAEAD}.Debug|x64.ActiveCfg = Debug|Any CPU
		{27DFCB56-C10F-4E01-9425-2B8F3DABAEAD}.Debug|x86.ActiveCfg = Debug|Any CPU
		{27DFCB56-C10F-4E01-9425-2B8F3DABAEAD}.Release|Any CPU.ActiveCfg = Release|Any CPU
		{27DFCB56-C10F-4E01-9425-2B8F3DABAEAD}.Release|Any CPU.Build.0 = Release|Any CPU
		{27DFCB56-C10F-4E01-9425-2B8F3DABAEAD}.Release|ARM.ActiveCfg = Release|Any CPU
		{27DFCB56-C10F-4E01-9425-2B8F3DABAEAD}.Release|x64.ActiveCfg = Release|Any CPU
		{27DFCB56-C10F-4E01-9425-2B8F3DABAEAD}.Release|x86.ActiveCfg = Release|Any CPU
		{951D3F1A-E644-4A94-9740-B8C52B429A1A}.Debug|Any CPU.ActiveCfg = Debug|Any CPU
		{951D3F1A-E644-4A94-9740-B8C52B429A1A}.Debug|Any CPU.Build.0 = Debug|Any CPU
		{951D3F1A-E644-4A94-9740-B8C52B429A1A}.Debug|Any CPU.Deploy.0 = Debug|Any CPU
		{951D3F1A-E644-4A94-9740-B8C52B429A1A}.Debug|ARM.ActiveCfg = Debug|ARM
		{951D3F1A-E644-4A94-9740-B8C52B429A1A}.Debug|ARM.Build.0 = Debug|ARM
		{951D3F1A-E644-4A94-9740-B8C52B429A1A}.Debug|ARM.Deploy.0 = Debug|ARM
		{951D3F1A-E644-4A94-9740-B8C52B429A1A}.Debug|x64.ActiveCfg = Debug|x64
		{951D3F1A-E644-4A94-9740-B8C52B429A1A}.Debug|x64.Build.0 = Debug|x64
		{951D3F1A-E644-4A94-9740-B8C52B429A1A}.Debug|x64.Deploy.0 = Debug|x64
		{951D3F1A-E644-4A94-9740-B8C52B429A1A}.Debug|x86.ActiveCfg = Debug|x86
		{951D3F1A-E644-4A94-9740-B8C52B429A1A}.Debug|x86.Build.0 = Debug|x86
		{951D3F1A-E644-4A94-9740-B8C52B429A1A}.Debug|x86.Deploy.0 = Debug|x86
		{951D3F1A-E644-4A94-9740-B8C52B429A1A}.Release|Any CPU.ActiveCfg = Release|Any CPU
		{951D3F1A-E644-4A94-9740-B8C52B429A1A}.Release|Any CPU.Build.0 = Release|Any CPU
		{951D3F1A-E644-4A94-9740-B8C52B429A1A}.Release|Any CPU.Deploy.0 = Release|Any CPU
		{951D3F1A-E644-4A94-9740-B8C52B429A1A}.Release|ARM.ActiveCfg = Release|ARM
		{951D3F1A-E644-4A94-9740-B8C52B429A1A}.Release|ARM.Build.0 = Release|ARM
		{951D3F1A-E644-4A94-9740-B8C52B429A1A}.Release|ARM.Deploy.0 = Release|ARM
		{951D3F1A-E644-4A94-9740-B8C52B429A1A}.Release|x64.ActiveCfg = Release|x64
		{951D3F1A-E644-4A94-9740-B8C52B429A1A}.Release|x64.Build.0 = Release|x64
		{951D3F1A-E644-4A94-9740-B8C52B429A1A}.Release|x64.Deploy.0 = Release|x64
		{951D3F1A-E644-4A94-9740-B8C52B429A1A}.Release|x86.ActiveCfg = Release|x86
		{951D3F1A-E644-4A94-9740-B8C52B429A1A}.Release|x86.Build.0 = Release|x86
		{951D3F1A-E644-4A94-9740-B8C52B429A1A}.Release|x86.Deploy.0 = Release|x86
	EndGlobalSection
	GlobalSection(SolutionProperties) = preSolution
		HideSolutionNode = FALSE
	EndGlobalSection
	GlobalSection(NestedProjects) = preSolution
		{27DFCB56-C10F-4E01-9425-2B8F3DABAEAD} = {F79F2AEE-9A1A-4B2C-A5DF-2686453FBED7}
		{951D3F1A-E644-4A94-9740-B8C52B429A1A} = {8D8359EB-C80D-4A6F-8DE7-600DF45885C7}
	EndGlobalSection
EndGlobal
