
Microsoft Visual Studio Solution File, Format Version 12.00
# Visual Studio 2012
Project("{FAE04EC0-301F-11D3-BF4B-00C04F79EFBC}") = "PixelToLocationSample", "PixelToLocationSample\PixelToLocationSample.csproj", "{6B69BAD1-16FB-475F-BCBD-E69B44F8333D}"
EndProject
Global
	GlobalSection(SolutionConfigurationPlatforms) = preSolution
		Debug|ARM = Debug|ARM
		Debug|x64 = Debug|x64
		Debug|x86 = Debug|x86
		Release|Any CPU = Release|Any CPU
		Release|ARM = Release|ARM
		Release|x64 = Release|x64
		Release|x86 = Release|x86
	EndGlobalSection
	GlobalSection(ProjectConfigurationPlatforms) = postSolution
		{6B69BAD1-16FB-475F-BCBD-E69B44F8333D}.Debug|ARM.ActiveCfg = Debug|ARM
		{6B69BAD1-16FB-475F-BCBD-E69B44F8333D}.Debug|ARM.Build.0 = Debug|ARM
		{6B69BAD1-16FB-475F-BCBD-E69B44F8333D}.Debug|ARM.Deploy.0 = Debug|ARM
		{6B69BAD1-16FB-475F-BCBD-E69B44F8333D}.Debug|x64.ActiveCfg = Debug|x64
		{6B69BAD1-16FB-475F-BCBD-E69B44F8333D}.Debug|x64.Build.0 = Debug|x64
		{6B69BAD1-16FB-475F-BCBD-E69B44F8333D}.Debug|x64.Deploy.0 = Debug|x64
		{6B69BAD1-16FB-475F-BCBD-E69B44F8333D}.Debug|x86.ActiveCfg = Debug|x86
		{6B69BAD1-16FB-475F-BCBD-E69B44F8333D}.Debug|x86.Build.0 = Debug|x86
		{6B69BAD1-16FB-475F-BCBD-E69B44F8333D}.Debug|x86.Deploy.0 = Debug|x86
		{6B69BAD1-16FB-475F-BCBD-E69B44F8333D}.Release|ARM.ActiveCfg = Release|ARM
		{6B69BAD1-16FB-475F-BCBD-E69B44F8333D}.Release|ARM.Build.0 = Release|ARM
		{6B69BAD1-16FB-475F-BCBD-E69B44F8333D}.Release|ARM.Deploy.0 = Release|ARM
		{6B69BAD1-16FB-475F-BCBD-E69B44F8333D}.Release|x64.ActiveCfg = Release|x64
		{6B69BAD1-16FB-475F-BCBD-E69B44F8333D}.Release|x64.Build.0 = Release|x64
		{6B69BAD1-16FB-475F-BCBD-E69B44F8333D}.Release|x64.Deploy.0 = Release|x64
		{6B69BAD1-16FB-475F-BCBD-E69B44F8333D}.Release|x86.ActiveCfg = Release|x86
		{6B69BAD1-16FB-475F-BCBD-E69B44F8333D}.Release|x86.Build.0 = Release|x86
		{6B69BAD1-16FB-475F-BCBD-E69B44F8333D}.Release|x86.Deploy.0 = Release|x86
	EndGlobalSection
	GlobalSection(SolutionProperties) = preSolution
		HideSolutionNode = FALSE
	EndGlobalSection
EndGlobal
