
Microsoft Visual Studio Solution File, Format Version 12.00
# Visual Studio 14
VisualStudioVersion = 14.0.23107.0
MinimumVisualStudioVersion = 10.0.40219.1
Project("{F184B08F-C81C-45F6-A57F-5ABD9991F28F}") = "SBDBTMotorVB", "SBDBTMotorVB\SBDBTMotorVB.vbproj", "{F57D0EAA-1233-4375-A72D-EBA56B9EF3D4}"
EndProject
Project("{FAE04EC0-301F-11D3-BF4B-00C04F79EFBC}") = "SBDBTMotorCS", "SBDBTMotorCS\SBDBTMotorCS.csproj", "{4CAE2A1A-71EF-43AB-96DD-A81CD6A5083A}"
EndProject
Global
	GlobalSection(SolutionConfigurationPlatforms) = preSolution
		Debug|Any CPU = Debug|Any CPU
		Release|Any CPU = Release|Any CPU
	EndGlobalSection
	GlobalSection(ProjectConfigurationPlatforms) = postSolution
		{F57D0EAA-1233-4375-A72D-EBA56B9EF3D4}.Debug|Any CPU.ActiveCfg = Debug|Any CPU
		{F57D0EAA-1233-4375-A72D-EBA56B9EF3D4}.Debug|Any CPU.Build.0 = Debug|Any CPU
		{F57D0EAA-1233-4375-A72D-EBA56B9EF3D4}.Debug|Any CPU.Deploy.0 = Debug|Any CPU
		{F57D0EAA-1233-4375-A72D-EBA56B9EF3D4}.Release|Any CPU.ActiveCfg = Release|Any CPU
		{F57D0EAA-1233-4375-A72D-EBA56B9EF3D4}.Release|Any CPU.Build.0 = Release|Any CPU
		{F57D0EAA-1233-4375-A72D-EBA56B9EF3D4}.Release|Any CPU.Deploy.0 = Release|Any CPU
		{4CAE2A1A-71EF-43AB-96DD-A81CD6A5083A}.Debug|Any CPU.ActiveCfg = Debug|Any CPU
		{4CAE2A1A-71EF-43AB-96DD-A81CD6A5083A}.Debug|Any CPU.Build.0 = Debug|Any CPU
		{4CAE2A1A-71EF-43AB-96DD-A81CD6A5083A}.Debug|Any CPU.Deploy.0 = Debug|Any CPU
		{4CAE2A1A-71EF-43AB-96DD-A81CD6A5083A}.Release|Any CPU.ActiveCfg = Release|Any CPU
		{4CAE2A1A-71EF-43AB-96DD-A81CD6A5083A}.Release|Any CPU.Build.0 = Release|Any CPU
		{4CAE2A1A-71EF-43AB-96DD-A81CD6A5083A}.Release|Any CPU.Deploy.0 = Release|Any CPU
	EndGlobalSection
	GlobalSection(SolutionProperties) = preSolution
		HideSolutionNode = FALSE
	EndGlobalSection
EndGlobal
