
Microsoft Visual Studio Solution File, Format Version 11.00
# Visual Studio 2010
Project("{FAE04EC0-301F-11D3-BF4B-00C04F79EFBC}") = "MHTMLMaker", "MHTMLMaker\MHTMLMaker.csproj", "{1B2D714F-75FB-4727-B568-58559048491B}"
EndProject
Project("{FAE04EC0-301F-11D3-BF4B-00C04F79EFBC}") = "MHTMLHelpers", "MHTMLHelpers\MHTMLHelpers.csproj", "{0F5B6418-70EB-4BB8-A802-BBACA566B039}"
EndProject
Global
	GlobalSection(SolutionConfigurationPlatforms) = preSolution
		Debug|Any CPU = Debug|Any CPU
		Debug|Mixed Platforms = Debug|Mixed Platforms
		Debug|x86 = Debug|x86
		Release|Any CPU = Release|Any CPU
		Release|Mixed Platforms = Release|Mixed Platforms
		Release|x86 = Release|x86
	EndGlobalSection
	GlobalSection(ProjectConfigurationPlatforms) = postSolution
		{1B2D714F-75FB-4727-B568-58559048491B}.Debug|Any CPU.ActiveCfg = Debug|x86
		{1B2D714F-75FB-4727-B568-58559048491B}.Debug|Mixed Platforms.ActiveCfg = Debug|x86
		{1B2D714F-75FB-4727-B568-58559048491B}.Debug|Mixed Platforms.Build.0 = Debug|x86
		{1B2D714F-75FB-4727-B568-58559048491B}.Debug|x86.ActiveCfg = Debug|x86
		{1B2D714F-75FB-4727-B568-58559048491B}.Debug|x86.Build.0 = Debug|x86
		{1B2D714F-75FB-4727-B568-58559048491B}.Release|Any CPU.ActiveCfg = Release|x86
		{1B2D714F-75FB-4727-B568-58559048491B}.Release|Mixed Platforms.ActiveCfg = Release|x86
		{1B2D714F-75FB-4727-B568-58559048491B}.Release|Mixed Platforms.Build.0 = Release|x86
		{1B2D714F-75FB-4727-B568-58559048491B}.Release|x86.ActiveCfg = Release|x86
		{1B2D714F-75FB-4727-B568-58559048491B}.Release|x86.Build.0 = Release|x86
		{0F5B6418-70EB-4BB8-A802-BBACA566B039}.Debug|Any CPU.ActiveCfg = Debug|Any CPU
		{0F5B6418-70EB-4BB8-A802-BBACA566B039}.Debug|Any CPU.Build.0 = Debug|Any CPU
		{0F5B6418-70EB-4BB8-A802-BBACA566B039}.Debug|Mixed Platforms.ActiveCfg = Debug|Any CPU
		{0F5B6418-70EB-4BB8-A802-BBACA566B039}.Debug|Mixed Platforms.Build.0 = Debug|Any CPU
		{0F5B6418-70EB-4BB8-A802-BBACA566B039}.Debug|x86.ActiveCfg = Debug|Any CPU
		{0F5B6418-70EB-4BB8-A802-BBACA566B039}.Release|Any CPU.ActiveCfg = Release|Any CPU
		{0F5B6418-70EB-4BB8-A802-BBACA566B039}.Release|Any CPU.Build.0 = Release|Any CPU
		{0F5B6418-70EB-4BB8-A802-BBACA566B039}.Release|Mixed Platforms.ActiveCfg = Release|Any CPU
		{0F5B6418-70EB-4BB8-A802-BBACA566B039}.Release|Mixed Platforms.Build.0 = Release|Any CPU
		{0F5B6418-70EB-4BB8-A802-BBACA566B039}.Release|x86.ActiveCfg = Release|Any CPU
	EndGlobalSection
	GlobalSection(SolutionProperties) = preSolution
		HideSolutionNode = FALSE
	EndGlobalSection
EndGlobal
