
Microsoft Visual Studio Solution File, Format Version 12.00
# Visual Studio 14
VisualStudioVersion = 14.0.25420.1
MinimumVisualStudioVersion = 10.0.40219.1
Project("{2150E333-8FDC-42A3-9474-1A3956D46DE8}") = "src", "src", "{37E17EAB-D661-4AF6-9C3D-15C9A8921BD9}"
EndProject
Project("{2150E333-8FDC-42A3-9474-1A3956D46DE8}") = "Solution Items", "Solution Items", "{EF47F4A9-E59F-40EC-8F03-821192FC3B4E}"
	ProjectSection(SolutionItems) = preProject
		global.json = global.json
	EndProjectSection
EndProject
Project("{8BB2217D-0F2D-49D1-97BC-3654ED321F3B}") = "SampleToSupportFunction", "src\SampleToSupportFunction\SampleToSupportFunction.xproj", "{9EDC6BBA-5353-4614-983C-764D6FAA37B8}"
EndProject
Project("{33AD0EE8-D99B-4E14-8CD9-3F56ABEF97A2}") = "SampleFunction", "SampleFunction\SampleFunction.funproj", "{CED5E4BC-2DC8-4A5A-8BE5-16407CDE2C32}"
EndProject
Global
	GlobalSection(SolutionConfigurationPlatforms) = preSolution
		Debug|Any CPU = Debug|Any CPU
		Release|Any CPU = Release|Any CPU
	EndGlobalSection
	GlobalSection(ProjectConfigurationPlatforms) = postSolution
		{9EDC6BBA-5353-4614-983C-764D6FAA37B8}.Debug|Any CPU.ActiveCfg = Debug|Any CPU
		{9EDC6BBA-5353-4614-983C-764D6FAA37B8}.Debug|Any CPU.Build.0 = Debug|Any CPU
		{9EDC6BBA-5353-4614-983C-764D6FAA37B8}.Release|Any CPU.ActiveCfg = Release|Any CPU
		{9EDC6BBA-5353-4614-983C-764D6FAA37B8}.Release|Any CPU.Build.0 = Release|Any CPU
		{CED5E4BC-2DC8-4A5A-8BE5-16407CDE2C32}.Debug|Any CPU.ActiveCfg = Debug|Any CPU
		{CED5E4BC-2DC8-4A5A-8BE5-16407CDE2C32}.Debug|Any CPU.Build.0 = Debug|Any CPU
		{CED5E4BC-2DC8-4A5A-8BE5-16407CDE2C32}.Release|Any CPU.ActiveCfg = Release|Any CPU
		{CED5E4BC-2DC8-4A5A-8BE5-16407CDE2C32}.Release|Any CPU.Build.0 = Release|Any CPU
	EndGlobalSection
	GlobalSection(SolutionProperties) = preSolution
		HideSolutionNode = FALSE
	EndGlobalSection
	GlobalSection(NestedProjects) = preSolution
		{9EDC6BBA-5353-4614-983C-764D6FAA37B8} = {37E17EAB-D661-4AF6-9C3D-15C9A8921BD9}
	EndGlobalSection
EndGlobal
