
Microsoft Visual Studio Solution File, Format Version 12.00
# Visual Studio 2012
Project("{2150E333-8FDC-42A3-9474-1A3956D46DE8}") = "Solution Items", "Solution Items", "{5BBB1827-3F69-4390-863F-3FDCA704FC6F}"
	ProjectSection(SolutionItems) = preProject
		Functions_Build.ps1 = Functions_Build.ps1
		Functions_Deploy.ps1 = Functions_Deploy.ps1
		Functions_General.ps1 = Functions_General.ps1
		Functions_Install.ps1 = Functions_Install.ps1
		Functions_Undeploy.ps1 = Functions_Undeploy.ps1
		Functions_Uninstall.ps1 = Functions_Uninstall.ps1
		OrderSystemProject_Build.ps1 = OrderSystemProject_Build.ps1
		OrderSystemProject_FullDeploy.ps1 = OrderSystemProject_FullDeploy.ps1
		Settings_BuildEnvironment.csv = Settings_BuildEnvironment.csv
		Settings_DeploymentEnvironment.csv = Settings_DeploymentEnvironment.csv
	EndProjectSection
EndProject
Project("{FAE04EC0-301F-11D3-BF4B-00C04F79EFBC}") = "Empty", "ClassLibrary1\Empty.csproj", "{AEFFEE44-7678-485E-B57C-7578BDCB3F8E}"
EndProject
Global
	GlobalSection(SolutionConfigurationPlatforms) = preSolution
		Debug|Any CPU = Debug|Any CPU
		Release|Any CPU = Release|Any CPU
	EndGlobalSection
	GlobalSection(ProjectConfigurationPlatforms) = postSolution
		{AEFFEE44-7678-485E-B57C-7578BDCB3F8E}.Debug|Any CPU.ActiveCfg = Debug|Any CPU
		{AEFFEE44-7678-485E-B57C-7578BDCB3F8E}.Debug|Any CPU.Build.0 = Debug|Any CPU
		{AEFFEE44-7678-485E-B57C-7578BDCB3F8E}.Release|Any CPU.ActiveCfg = Release|Any CPU
		{AEFFEE44-7678-485E-B57C-7578BDCB3F8E}.Release|Any CPU.Build.0 = Release|Any CPU
	EndGlobalSection
	GlobalSection(SolutionProperties) = preSolution
		HideSolutionNode = FALSE
	EndGlobalSection
	GlobalSection(NestedProjects) = preSolution
		{AEFFEE44-7678-485E-B57C-7578BDCB3F8E} = {5BBB1827-3F69-4390-863F-3FDCA704FC6F}
	EndGlobalSection
EndGlobal
