
Microsoft Visual Studio Solution File, Format Version 11.00
# Visual Studio 2010
Project("{2150E333-8FDC-42A3-9474-1A3956D46DE8}") = "Presentation", "Presentation", "{8C11F3AD-B020-48E9-ADCF-EE6BBD4D4A9E}"
EndProject
Project("{2150E333-8FDC-42A3-9474-1A3956D46DE8}") = "Business", "Business", "{CA9492A1-8BF3-4BC7-BDCA-CBBCE70FC926}"
EndProject
Project("{FAE04EC0-301F-11D3-BF4B-00C04F79EFBC}") = "Test.Model", "Test.Model\Test.Model.csproj", "{09D68877-DB7D-4D11-88BA-4B8E70F6BE9A}"
EndProject
Project("{FAE04EC0-301F-11D3-BF4B-00C04F79EFBC}") = "Test.BLL", "Test.BLL\Test.BLL.csproj", "{F9D4FADC-65E9-4A2E-B72A-2C698F494255}"
EndProject
Project("{FAE04EC0-301F-11D3-BF4B-00C04F79EFBC}") = "Test.Factory", "Test.Factory\Test.Factory.csproj", "{DD05E910-5366-43D6-9BA9-082E7A98428E}"
EndProject
Project("{FAE04EC0-301F-11D3-BF4B-00C04F79EFBC}") = "Test.IDAL", "Test.IDAL\Test.IDAL.csproj", "{80AF0839-CC5F-4C30-AA4C-100BA2C87D32}"
EndProject
Project("{FAE04EC0-301F-11D3-BF4B-00C04F79EFBC}") = "Test.Helper", "Test.Helper\Test.Helper.csproj", "{B2BF840B-D77C-45E2-915F-73B91D99B2E2}"
EndProject
Project("{FAE04EC0-301F-11D3-BF4B-00C04F79EFBC}") = "Test.SQLServerDAL", "Test.SQLServerDAL\Test.SQLServerDAL.csproj", "{81CCAE34-B519-4765-A644-83746D0BFA26}"
EndProject
Project("{FAE04EC0-301F-11D3-BF4B-00C04F79EFBC}") = "Test.WebApp", "Test.WebApp\Test.WebApp.csproj", "{BAE77D9C-C307-4773-9555-2416124648CA}"
EndProject
Project("{FAE04EC0-301F-11D3-BF4B-00C04F79EFBC}") = "Test.WebHost", "Test.WebHost\Test.WebHost.csproj", "{5607F8B9-E10D-497C-B886-795351F2FDC6}"
EndProject
Project("{2150E333-8FDC-42A3-9474-1A3956D46DE8}") = "DataBase", "DataBase", "{35503CBB-E771-4C4E-A086-449CEB9CEDAF}"
	ProjectSection(SolutionItems) = preProject
		..\..\Users\vaio\Desktop\script.sql = ..\..\Users\vaio\Desktop\script.sql
	EndProjectSection
EndProject
Project("{FAE04EC0-301F-11D3-BF4B-00C04F79EFBC}") = "Test.Services", "Test.Service\Test.Services.csproj", "{C60C8D00-35FC-45E4-B403-4146DF2748B0}"
EndProject
Global
	GlobalSection(SolutionConfigurationPlatforms) = preSolution
		Debug|Any CPU = Debug|Any CPU
		Release|Any CPU = Release|Any CPU
	EndGlobalSection
	GlobalSection(ProjectConfigurationPlatforms) = postSolution
		{09D68877-DB7D-4D11-88BA-4B8E70F6BE9A}.Debug|Any CPU.ActiveCfg = Debug|Any CPU
		{09D68877-DB7D-4D11-88BA-4B8E70F6BE9A}.Debug|Any CPU.Build.0 = Debug|Any CPU
		{09D68877-DB7D-4D11-88BA-4B8E70F6BE9A}.Release|Any CPU.ActiveCfg = Release|Any CPU
		{09D68877-DB7D-4D11-88BA-4B8E70F6BE9A}.Release|Any CPU.Build.0 = Release|Any CPU
		{F9D4FADC-65E9-4A2E-B72A-2C698F494255}.Debug|Any CPU.ActiveCfg = Debug|Any CPU
		{F9D4FADC-65E9-4A2E-B72A-2C698F494255}.Debug|Any CPU.Build.0 = Debug|Any CPU
		{F9D4FADC-65E9-4A2E-B72A-2C698F494255}.Release|Any CPU.ActiveCfg = Release|Any CPU
		{F9D4FADC-65E9-4A2E-B72A-2C698F494255}.Release|Any CPU.Build.0 = Release|Any CPU
		{DD05E910-5366-43D6-9BA9-082E7A98428E}.Debug|Any CPU.ActiveCfg = Debug|Any CPU
		{DD05E910-5366-43D6-9BA9-082E7A98428E}.Debug|Any CPU.Build.0 = Debug|Any CPU
		{DD05E910-5366-43D6-9BA9-082E7A98428E}.Release|Any CPU.ActiveCfg = Release|Any CPU
		{DD05E910-5366-43D6-9BA9-082E7A98428E}.Release|Any CPU.Build.0 = Release|Any CPU
		{80AF0839-CC5F-4C30-AA4C-100BA2C87D32}.Debug|Any CPU.ActiveCfg = Debug|Any CPU
		{80AF0839-CC5F-4C30-AA4C-100BA2C87D32}.Debug|Any CPU.Build.0 = Debug|Any CPU
		{80AF0839-CC5F-4C30-AA4C-100BA2C87D32}.Release|Any CPU.ActiveCfg = Release|Any CPU
		{80AF0839-CC5F-4C30-AA4C-100BA2C87D32}.Release|Any CPU.Build.0 = Release|Any CPU
		{B2BF840B-D77C-45E2-915F-73B91D99B2E2}.Debug|Any CPU.ActiveCfg = Debug|Any CPU
		{B2BF840B-D77C-45E2-915F-73B91D99B2E2}.Debug|Any CPU.Build.0 = Debug|Any CPU
		{B2BF840B-D77C-45E2-915F-73B91D99B2E2}.Release|Any CPU.ActiveCfg = Release|Any CPU
		{B2BF840B-D77C-45E2-915F-73B91D99B2E2}.Release|Any CPU.Build.0 = Release|Any CPU
		{81CCAE34-B519-4765-A644-83746D0BFA26}.Debug|Any CPU.ActiveCfg = Debug|Any CPU
		{81CCAE34-B519-4765-A644-83746D0BFA26}.Debug|Any CPU.Build.0 = Debug|Any CPU
		{81CCAE34-B519-4765-A644-83746D0BFA26}.Release|Any CPU.ActiveCfg = Release|Any CPU
		{81CCAE34-B519-4765-A644-83746D0BFA26}.Release|Any CPU.Build.0 = Release|Any CPU
		{BAE77D9C-C307-4773-9555-2416124648CA}.Debug|Any CPU.ActiveCfg = Debug|Any CPU
		{BAE77D9C-C307-4773-9555-2416124648CA}.Debug|Any CPU.Build.0 = Debug|Any CPU
		{BAE77D9C-C307-4773-9555-2416124648CA}.Release|Any CPU.ActiveCfg = Release|Any CPU
		{BAE77D9C-C307-4773-9555-2416124648CA}.Release|Any CPU.Build.0 = Release|Any CPU
		{5607F8B9-E10D-497C-B886-795351F2FDC6}.Debug|Any CPU.ActiveCfg = Debug|Any CPU
		{5607F8B9-E10D-497C-B886-795351F2FDC6}.Debug|Any CPU.Build.0 = Debug|Any CPU
		{5607F8B9-E10D-497C-B886-795351F2FDC6}.Release|Any CPU.ActiveCfg = Release|Any CPU
		{5607F8B9-E10D-497C-B886-795351F2FDC6}.Release|Any CPU.Build.0 = Release|Any CPU
		{C60C8D00-35FC-45E4-B403-4146DF2748B0}.Debug|Any CPU.ActiveCfg = Debug|Any CPU
		{C60C8D00-35FC-45E4-B403-4146DF2748B0}.Debug|Any CPU.Build.0 = Debug|Any CPU
		{C60C8D00-35FC-45E4-B403-4146DF2748B0}.Release|Any CPU.ActiveCfg = Release|Any CPU
		{C60C8D00-35FC-45E4-B403-4146DF2748B0}.Release|Any CPU.Build.0 = Release|Any CPU
	EndGlobalSection
	GlobalSection(SolutionProperties) = preSolution
		HideSolutionNode = FALSE
	EndGlobalSection
	GlobalSection(NestedProjects) = preSolution
		{BAE77D9C-C307-4773-9555-2416124648CA} = {8C11F3AD-B020-48E9-ADCF-EE6BBD4D4A9E}
		{09D68877-DB7D-4D11-88BA-4B8E70F6BE9A} = {CA9492A1-8BF3-4BC7-BDCA-CBBCE70FC926}
		{F9D4FADC-65E9-4A2E-B72A-2C698F494255} = {CA9492A1-8BF3-4BC7-BDCA-CBBCE70FC926}
		{DD05E910-5366-43D6-9BA9-082E7A98428E} = {CA9492A1-8BF3-4BC7-BDCA-CBBCE70FC926}
		{80AF0839-CC5F-4C30-AA4C-100BA2C87D32} = {CA9492A1-8BF3-4BC7-BDCA-CBBCE70FC926}
		{B2BF840B-D77C-45E2-915F-73B91D99B2E2} = {CA9492A1-8BF3-4BC7-BDCA-CBBCE70FC926}
		{81CCAE34-B519-4765-A644-83746D0BFA26} = {CA9492A1-8BF3-4BC7-BDCA-CBBCE70FC926}
		{5607F8B9-E10D-497C-B886-795351F2FDC6} = {CA9492A1-8BF3-4BC7-BDCA-CBBCE70FC926}
		{C60C8D00-35FC-45E4-B403-4146DF2748B0} = {CA9492A1-8BF3-4BC7-BDCA-CBBCE70FC926}
	EndGlobalSection
EndGlobal
