
Microsoft Visual Studio Solution File, Format Version 12.00
# Visual Studio 2012
Project("{FAE04EC0-301F-11D3-BF4B-00C04F79EFBC}") = "Splash Screen", "Splash Screen\Splash Screen.csproj", "{8DD81223-D4C2-4474-8F9E-4EEF37B514AE}"
EndProject
Global
	GlobalSection(SolutionConfigurationPlatforms) = preSolution
		Debug|Any CPU = Debug|Any CPU
		Release|Any CPU = Release|Any CPU
	EndGlobalSection
	GlobalSection(ProjectConfigurationPlatforms) = postSolution
		{8DD81223-D4C2-4474-8F9E-4EEF37B514AE}.Debug|Any CPU.ActiveCfg = Debug|Any CPU
		{8DD81223-D4C2-4474-8F9E-4EEF37B514AE}.Debug|Any CPU.Build.0 = Debug|Any CPU
		{8DD81223-D4C2-4474-8F9E-4EEF37B514AE}.Release|Any CPU.ActiveCfg = Release|Any CPU
		{8DD81223-D4C2-4474-8F9E-4EEF37B514AE}.Release|Any CPU.Build.0 = Release|Any CPU
	EndGlobalSection
	GlobalSection(SolutionProperties) = preSolution
		HideSolutionNode = FALSE
	EndGlobalSection
EndGlobal
