
Microsoft Visual Studio Solution File, Format Version 12.00
# Visual Studio 15
VisualStudioVersion = 15.0.26430.15
MinimumVisualStudioVersion = 10.0.40219.1
Project("{FAE04EC0-301F-11D3-BF4B-00C04F79EFBC}") = "ReadInboxEmail.WebApplication", "ReadInboxEmail.WebApplication\ReadInboxEmail.WebApplication.csproj", "{79BCF5B8-966A-420D-9715-C99969841DE2}"
EndProject
Global
	GlobalSection(SolutionConfigurationPlatforms) = preSolution
		Debug|Any CPU = Debug|Any CPU
		Release|Any CPU = Release|Any CPU
	EndGlobalSection
	GlobalSection(ProjectConfigurationPlatforms) = postSolution
		{79BCF5B8-966A-420D-9715-C99969841DE2}.Debug|Any CPU.ActiveCfg = Debug|Any CPU
		{79BCF5B8-966A-420D-9715-C99969841DE2}.Debug|Any CPU.Build.0 = Debug|Any CPU
		{79BCF5B8-966A-420D-9715-C99969841DE2}.Release|Any CPU.ActiveCfg = Release|Any CPU
		{79BCF5B8-966A-420D-9715-C99969841DE2}.Release|Any CPU.Build.0 = Release|Any CPU
	EndGlobalSection
	GlobalSection(SolutionProperties) = preSolution
		HideSolutionNode = FALSE
	EndGlobalSection
EndGlobal
