
Microsoft Visual Studio Solution File, Format Version 12.00
# Visual Studio 2012
Project("{F184B08F-C81C-45F6-A57F-5ABD9991F28F}") = "MEFPluginVB", "MEFPluginVB\MEFPluginVB.vbproj", "{4E0072DA-4CE5-4B02-B832-C7DEA069B44D}"
EndProject
Project("{F184B08F-C81C-45F6-A57F-5ABD9991F28F}") = "PluginContracts", "PluginContracts\PluginContracts.vbproj", "{B391D62F-2108-4976-B7A6-636FF319C24A}"
EndProject
Project("{F184B08F-C81C-45F6-A57F-5ABD9991F28F}") = "FirstPlugin", "FirstPlugin\FirstPlugin.vbproj", "{B379186B-47F7-4769-93C4-F9961ECE4940}"
EndProject
Project("{F184B08F-C81C-45F6-A57F-5ABD9991F28F}") = "SecondPlugin", "SecondPlugin\SecondPlugin.vbproj", "{CEE7516B-75F9-41C0-91A8-B68B1BBE531F}"
EndProject
Global
	GlobalSection(SolutionConfigurationPlatforms) = preSolution
		Debug|Any CPU = Debug|Any CPU
		Release|Any CPU = Release|Any CPU
	EndGlobalSection
	GlobalSection(ProjectConfigurationPlatforms) = postSolution
		{4E0072DA-4CE5-4B02-B832-C7DEA069B44D}.Debug|Any CPU.ActiveCfg = Debug|Any CPU
		{4E0072DA-4CE5-4B02-B832-C7DEA069B44D}.Debug|Any CPU.Build.0 = Debug|Any CPU
		{4E0072DA-4CE5-4B02-B832-C7DEA069B44D}.Release|Any CPU.ActiveCfg = Release|Any CPU
		{4E0072DA-4CE5-4B02-B832-C7DEA069B44D}.Release|Any CPU.Build.0 = Release|Any CPU
		{B391D62F-2108-4976-B7A6-636FF319C24A}.Debug|Any CPU.ActiveCfg = Debug|Any CPU
		{B391D62F-2108-4976-B7A6-636FF319C24A}.Debug|Any CPU.Build.0 = Debug|Any CPU
		{B391D62F-2108-4976-B7A6-636FF319C24A}.Release|Any CPU.ActiveCfg = Release|Any CPU
		{B391D62F-2108-4976-B7A6-636FF319C24A}.Release|Any CPU.Build.0 = Release|Any CPU
		{B379186B-47F7-4769-93C4-F9961ECE4940}.Debug|Any CPU.ActiveCfg = Debug|Any CPU
		{B379186B-47F7-4769-93C4-F9961ECE4940}.Debug|Any CPU.Build.0 = Debug|Any CPU
		{B379186B-47F7-4769-93C4-F9961ECE4940}.Release|Any CPU.ActiveCfg = Release|Any CPU
		{B379186B-47F7-4769-93C4-F9961ECE4940}.Release|Any CPU.Build.0 = Release|Any CPU
		{CEE7516B-75F9-41C0-91A8-B68B1BBE531F}.Debug|Any CPU.ActiveCfg = Debug|Any CPU
		{CEE7516B-75F9-41C0-91A8-B68B1BBE531F}.Debug|Any CPU.Build.0 = Debug|Any CPU
		{CEE7516B-75F9-41C0-91A8-B68B1BBE531F}.Release|Any CPU.ActiveCfg = Release|Any CPU
		{CEE7516B-75F9-41C0-91A8-B68B1BBE531F}.Release|Any CPU.Build.0 = Release|Any CPU
	EndGlobalSection
	GlobalSection(SolutionProperties) = preSolution
		HideSolutionNode = FALSE
	EndGlobalSection
EndGlobal
