
Microsoft Visual Studio Solution File, Format Version 11.00
# Visual Studio 2010
Project("{FAE04EC0-301F-11D3-BF4B-00C04F79EFBC}") = "MyClock", "MyClock\MyClock.csproj", "{D8B3BEB4-DDEE-4459-BBDB-F9D27ADE2FAA}"
EndProject
Global
	GlobalSection(SolutionConfigurationPlatforms) = preSolution
		Debug|Any CPU = Debug|Any CPU
		Release|Any CPU = Release|Any CPU
	EndGlobalSection
	GlobalSection(ProjectConfigurationPlatforms) = postSolution
		{D8B3BEB4-DDEE-4459-BBDB-F9D27ADE2FAA}.Debug|Any CPU.ActiveCfg = Debug|Any CPU
		{D8B3BEB4-DDEE-4459-BBDB-F9D27ADE2FAA}.Debug|Any CPU.Build.0 = Debug|Any CPU
		{D8B3BEB4-DDEE-4459-BBDB-F9D27ADE2FAA}.Debug|Any CPU.Deploy.0 = Debug|Any CPU
		{D8B3BEB4-DDEE-4459-BBDB-F9D27ADE2FAA}.Release|Any CPU.ActiveCfg = Release|Any CPU
		{D8B3BEB4-DDEE-4459-BBDB-F9D27ADE2FAA}.Release|Any CPU.Build.0 = Release|Any CPU
		{D8B3BEB4-DDEE-4459-BBDB-F9D27ADE2FAA}.Release|Any CPU.Deploy.0 = Release|Any CPU
	EndGlobalSection
	GlobalSection(SolutionProperties) = preSolution
		HideSolutionNode = FALSE
	EndGlobalSection
EndGlobal
