
Microsoft Visual Studio Solution File, Format Version 12.00
# Visual Studio 2012
Project("{FAE04EC0-301F-11D3-BF4B-00C04F79EFBC}") = "SelectPdf.Samples.2012", "SelectPdf.Samples\SelectPdf.Samples.2012.csproj", "{7226A8DC-FFA1-4368-80C2-A40B498DD5DB}"
EndProject
Global
	GlobalSection(SolutionConfigurationPlatforms) = preSolution
		Debug|Any CPU = Debug|Any CPU
		Release|Any CPU = Release|Any CPU
	EndGlobalSection
	GlobalSection(ProjectConfigurationPlatforms) = postSolution
		{7226A8DC-FFA1-4368-80C2-A40B498DD5DB}.Debug|Any CPU.ActiveCfg = Debug|Any CPU
		{7226A8DC-FFA1-4368-80C2-A40B498DD5DB}.Debug|Any CPU.Build.0 = Debug|Any CPU
		{7226A8DC-FFA1-4368-80C2-A40B498DD5DB}.Release|Any CPU.ActiveCfg = Release|Any CPU
		{7226A8DC-FFA1-4368-80C2-A40B498DD5DB}.Release|Any CPU.Build.0 = Release|Any CPU
	EndGlobalSection
	GlobalSection(SolutionProperties) = preSolution
		HideSolutionNode = FALSE
	EndGlobalSection
EndGlobal
