
Microsoft Visual Studio Solution File, Format Version 11.00
# Visual Studio 2010
Project("{FAE04EC0-301F-11D3-BF4B-00C04F79EFBC}") = "WpfApplication78", "WpfApplication78\WpfApplication78.csproj", "{DFAD5B6B-ECCE-4415-B38E-A91D58234310}"
EndProject
Global
	GlobalSection(SolutionConfigurationPlatforms) = preSolution
		Debug|x86 = Debug|x86
		Release|x86 = Release|x86
	EndGlobalSection
	GlobalSection(ProjectConfigurationPlatforms) = postSolution
		{DFAD5B6B-ECCE-4415-B38E-A91D58234310}.Debug|x86.ActiveCfg = Debug|x86
		{DFAD5B6B-ECCE-4415-B38E-A91D58234310}.Debug|x86.Build.0 = Debug|x86
		{DFAD5B6B-ECCE-4415-B38E-A91D58234310}.Release|x86.ActiveCfg = Release|x86
		{DFAD5B6B-ECCE-4415-B38E-A91D58234310}.Release|x86.Build.0 = Release|x86
	EndGlobalSection
	GlobalSection(SolutionProperties) = preSolution
		HideSolutionNode = FALSE
	EndGlobalSection
EndGlobal
