
Microsoft Visual Studio Solution File, Format Version 12.00
# Visual Studio 15
VisualStudioVersion = 15.0.26730.12
MinimumVisualStudioVersion = 10.0.40219.1
Project("{FAE04EC0-301F-11D3-BF4B-00C04F79EFBC}") = "Angular5Core2", "Angular5Core2\Angular5Core2.csproj", "{139EA44D-808E-4E23-B331-FC01EEF51756}"
EndProject
Global
	GlobalSection(SolutionConfigurationPlatforms) = preSolution
		Debug|Any CPU = Debug|Any CPU
		Release|Any CPU = Release|Any CPU
	EndGlobalSection
	GlobalSection(ProjectConfigurationPlatforms) = postSolution
		{139EA44D-808E-4E23-B331-FC01EEF51756}.Debug|Any CPU.ActiveCfg = Debug|Any CPU
		{139EA44D-808E-4E23-B331-FC01EEF51756}.Debug|Any CPU.Build.0 = Debug|Any CPU
		{139EA44D-808E-4E23-B331-FC01EEF51756}.Release|Any CPU.ActiveCfg = Release|Any CPU
		{139EA44D-808E-4E23-B331-FC01EEF51756}.Release|Any CPU.Build.0 = Release|Any CPU
	EndGlobalSection
	GlobalSection(SolutionProperties) = preSolution
		HideSolutionNode = FALSE
	EndGlobalSection
	GlobalSection(ExtensibilityGlobals) = postSolution
		SolutionGuid = {7C135BCB-136B-4D67-9185-702386870C91}
	EndGlobalSection
EndGlobal
