
Microsoft Visual Studio Solution File, Format Version 12.00
# Visual Studio 2013
VisualStudioVersion = 12.0.21005.1
MinimumVisualStudioVersion = 10.0.40219.1
Project("{FAE04EC0-301F-11D3-BF4B-00C04F79EFBC}") = "Animated Button", "Animated Button\Animated Button.csproj", "{3DC8CC6F-6DF3-4E29-B600-07ED55D7C495}"
EndProject
Project("{FAE04EC0-301F-11D3-BF4B-00C04F79EFBC}") = "Test", "Test\Test.csproj", "{BDFF3123-316F-45EE-8860-6C0D181C78CF}"
EndProject
Project("{F184B08F-C81C-45F6-A57F-5ABD9991F28F}") = "Animated Button VB", "Animated Button VB\Animated Button VB.vbproj", "{B586F82E-880B-45D9-B85B-7827C9CC44ED}"
EndProject
Global
	GlobalSection(SolutionConfigurationPlatforms) = preSolution
		Debug|Any CPU = Debug|Any CPU
		Debug|Mixed Platforms = Debug|Mixed Platforms
		Debug|Win32 = Debug|Win32
		Release|Any CPU = Release|Any CPU
		Release|Mixed Platforms = Release|Mixed Platforms
		Release|Win32 = Release|Win32
	EndGlobalSection
	GlobalSection(ProjectConfigurationPlatforms) = postSolution
		{3DC8CC6F-6DF3-4E29-B600-07ED55D7C495}.Debug|Any CPU.ActiveCfg = Debug|Any CPU
		{3DC8CC6F-6DF3-4E29-B600-07ED55D7C495}.Debug|Any CPU.Build.0 = Debug|Any CPU
		{3DC8CC6F-6DF3-4E29-B600-07ED55D7C495}.Debug|Mixed Platforms.ActiveCfg = Debug|Any CPU
		{3DC8CC6F-6DF3-4E29-B600-07ED55D7C495}.Debug|Mixed Platforms.Build.0 = Debug|Any CPU
		{3DC8CC6F-6DF3-4E29-B600-07ED55D7C495}.Debug|Win32.ActiveCfg = Debug|Any CPU
		{3DC8CC6F-6DF3-4E29-B600-07ED55D7C495}.Release|Any CPU.ActiveCfg = Release|Any CPU
		{3DC8CC6F-6DF3-4E29-B600-07ED55D7C495}.Release|Any CPU.Build.0 = Release|Any CPU
		{3DC8CC6F-6DF3-4E29-B600-07ED55D7C495}.Release|Mixed Platforms.ActiveCfg = Release|Any CPU
		{3DC8CC6F-6DF3-4E29-B600-07ED55D7C495}.Release|Mixed Platforms.Build.0 = Release|Any CPU
		{3DC8CC6F-6DF3-4E29-B600-07ED55D7C495}.Release|Win32.ActiveCfg = Release|Any CPU
		{BDFF3123-316F-45EE-8860-6C0D181C78CF}.Debug|Any CPU.ActiveCfg = Debug|Any CPU
		{BDFF3123-316F-45EE-8860-6C0D181C78CF}.Debug|Any CPU.Build.0 = Debug|Any CPU
		{BDFF3123-316F-45EE-8860-6C0D181C78CF}.Debug|Mixed Platforms.ActiveCfg = Debug|Any CPU
		{BDFF3123-316F-45EE-8860-6C0D181C78CF}.Debug|Mixed Platforms.Build.0 = Debug|Any CPU
		{BDFF3123-316F-45EE-8860-6C0D181C78CF}.Debug|Win32.ActiveCfg = Debug|Any CPU
		{BDFF3123-316F-45EE-8860-6C0D181C78CF}.Release|Any CPU.ActiveCfg = Release|Any CPU
		{BDFF3123-316F-45EE-8860-6C0D181C78CF}.Release|Any CPU.Build.0 = Release|Any CPU
		{BDFF3123-316F-45EE-8860-6C0D181C78CF}.Release|Mixed Platforms.ActiveCfg = Release|Any CPU
		{BDFF3123-316F-45EE-8860-6C0D181C78CF}.Release|Mixed Platforms.Build.0 = Release|Any CPU
		{BDFF3123-316F-45EE-8860-6C0D181C78CF}.Release|Win32.ActiveCfg = Release|Any CPU
		{B586F82E-880B-45D9-B85B-7827C9CC44ED}.Debug|Any CPU.ActiveCfg = Debug|Any CPU
		{B586F82E-880B-45D9-B85B-7827C9CC44ED}.Debug|Any CPU.Build.0 = Debug|Any CPU
		{B586F82E-880B-45D9-B85B-7827C9CC44ED}.Debug|Mixed Platforms.ActiveCfg = Debug|Any CPU
		{B586F82E-880B-45D9-B85B-7827C9CC44ED}.Debug|Mixed Platforms.Build.0 = Debug|Any CPU
		{B586F82E-880B-45D9-B85B-7827C9CC44ED}.Debug|Win32.ActiveCfg = Debug|Any CPU
		{B586F82E-880B-45D9-B85B-7827C9CC44ED}.Release|Any CPU.ActiveCfg = Release|Any CPU
		{B586F82E-880B-45D9-B85B-7827C9CC44ED}.Release|Any CPU.Build.0 = Release|Any CPU
		{B586F82E-880B-45D9-B85B-7827C9CC44ED}.Release|Mixed Platforms.ActiveCfg = Release|Any CPU
		{B586F82E-880B-45D9-B85B-7827C9CC44ED}.Release|Mixed Platforms.Build.0 = Release|Any CPU
		{B586F82E-880B-45D9-B85B-7827C9CC44ED}.Release|Win32.ActiveCfg = Release|Any CPU
	EndGlobalSection
	GlobalSection(SolutionProperties) = preSolution
		HideSolutionNode = FALSE
	EndGlobalSection
EndGlobal
