
Microsoft Visual Studio Solution File, Format Version 12.00
# Visual Studio 2012
Project("{FAE04EC0-301F-11D3-BF4B-00C04F79EFBC}") = "Chess", "Chess\Chess.csproj", "{4FB579A1-E878-49E8-AF3D-B3FBBF6F23FC}"
EndProject
Project("{2150E333-8FDC-42A3-9474-1A3956D46DE8}") = ".nuget", ".nuget", "{7D57AE45-EB74-4519-9334-D1E3EAD6B60B}"
	ProjectSection(SolutionItems) = preProject
		.nuget\NuGet.Config = .nuget\NuGet.Config
		.nuget\NuGet.exe = .nuget\NuGet.exe
		.nuget\NuGet.targets = .nuget\NuGet.targets
	EndProjectSection
EndProject
Global
	GlobalSection(TeamFoundationVersionControl) = preSolution
		SccNumberOfProjects = 2
		SccEnterpriseProvider = {4CA58AB2-18FA-4F8D-95D4-32DDF27D184C}
		SccTeamFoundationServer = https://mahmudarslan.visualstudio.com/defaultcollection
		SccLocalPath0 = .
		SccProjectUniqueName1 = Chess\\Chess.csproj
		SccProjectName1 = Chess
		SccLocalPath1 = Chess
	EndGlobalSection
	GlobalSection(SolutionConfigurationPlatforms) = preSolution
		Debug|Any CPU = Debug|Any CPU
		Release|Any CPU = Release|Any CPU
	EndGlobalSection
	GlobalSection(ProjectConfigurationPlatforms) = postSolution
		{4FB579A1-E878-49E8-AF3D-B3FBBF6F23FC}.Debug|Any CPU.ActiveCfg = Debug|Any CPU
		{4FB579A1-E878-49E8-AF3D-B3FBBF6F23FC}.Debug|Any CPU.Build.0 = Debug|Any CPU
		{4FB579A1-E878-49E8-AF3D-B3FBBF6F23FC}.Release|Any CPU.ActiveCfg = Release|Any CPU
		{4FB579A1-E878-49E8-AF3D-B3FBBF6F23FC}.Release|Any CPU.Build.0 = Release|Any CPU
	EndGlobalSection
	GlobalSection(SolutionProperties) = preSolution
		HideSolutionNode = FALSE
	EndGlobalSection
EndGlobal
