
Microsoft Visual Studio Solution File, Format Version 12.00
# Visual Studio 15
VisualStudioVersion = 15.0.27130.2027
MinimumVisualStudioVersion = 10.0.40219.1
Project("{FAE04EC0-301F-11D3-BF4B-00C04F79EFBC}") = "ASPNETCORERoleManagement", "ASPNETCORERoleManagement\ASPNETCORERoleManagement.csproj", "{6F2FD9A0-BFA9-464A-9BB3-576A73F1C8FC}"
EndProject
Global
	GlobalSection(SolutionConfigurationPlatforms) = preSolution
		Debug|Any CPU = Debug|Any CPU
		Release|Any CPU = Release|Any CPU
	EndGlobalSection
	GlobalSection(ProjectConfigurationPlatforms) = postSolution
		{6F2FD9A0-BFA9-464A-9BB3-576A73F1C8FC}.Debug|Any CPU.ActiveCfg = Debug|Any CPU
		{6F2FD9A0-BFA9-464A-9BB3-576A73F1C8FC}.Debug|Any CPU.Build.0 = Debug|Any CPU
		{6F2FD9A0-BFA9-464A-9BB3-576A73F1C8FC}.Release|Any CPU.ActiveCfg = Release|Any CPU
		{6F2FD9A0-BFA9-464A-9BB3-576A73F1C8FC}.Release|Any CPU.Build.0 = Release|Any CPU
	EndGlobalSection
	GlobalSection(SolutionProperties) = preSolution
		HideSolutionNode = FALSE
	EndGlobalSection
	GlobalSection(ExtensibilityGlobals) = postSolution
		SolutionGuid = {B46FE0E2-C498-4F0C-B7EE-1BDA2F26074D}
	EndGlobalSection
EndGlobal
