
Microsoft Visual Studio Solution File, Format Version 11.00
# Visual Studio 2010
Project("{FAE04EC0-301F-11D3-BF4B-00C04F79EFBC}") = "ChartControl_UserInterface", "WebApplication_UserInterface\ChartControl_UserInterface.csproj", "{B0BAED7D-E803-4E29-85CD-D9ADFF7877E2}"
EndProject
Project("{FAE04EC0-301F-11D3-BF4B-00C04F79EFBC}") = "BusinessLogic", "BusinessLogic\BusinessLogic.csproj", "{56BF7ECE-7B2F-451C-A965-7567F1FB92E0}"
EndProject
Project("{FAE04EC0-301F-11D3-BF4B-00C04F79EFBC}") = "DBAccess", "DBAccess\DBAccess.csproj", "{1F952763-6F36-4295-B70C-5DFF1D85D1DD}"
EndProject
Project("{FAE04EC0-301F-11D3-BF4B-00C04F79EFBC}") = "CommonLayer", "CommonLayer\CommonLayer.csproj", "{1CB4F5BD-8687-472D-891B-5BB0879CE454}"
EndProject
Global
	GlobalSection(SolutionConfigurationPlatforms) = preSolution
		Debug|Any CPU = Debug|Any CPU
		Release|Any CPU = Release|Any CPU
	EndGlobalSection
	GlobalSection(ProjectConfigurationPlatforms) = postSolution
		{B0BAED7D-E803-4E29-85CD-D9ADFF7877E2}.Debug|Any CPU.ActiveCfg = Debug|Any CPU
		{B0BAED7D-E803-4E29-85CD-D9ADFF7877E2}.Debug|Any CPU.Build.0 = Debug|Any CPU
		{B0BAED7D-E803-4E29-85CD-D9ADFF7877E2}.Release|Any CPU.ActiveCfg = Release|Any CPU
		{B0BAED7D-E803-4E29-85CD-D9ADFF7877E2}.Release|Any CPU.Build.0 = Release|Any CPU
		{56BF7ECE-7B2F-451C-A965-7567F1FB92E0}.Debug|Any CPU.ActiveCfg = Debug|Any CPU
		{56BF7ECE-7B2F-451C-A965-7567F1FB92E0}.Debug|Any CPU.Build.0 = Debug|Any CPU
		{56BF7ECE-7B2F-451C-A965-7567F1FB92E0}.Release|Any CPU.ActiveCfg = Release|Any CPU
		{56BF7ECE-7B2F-451C-A965-7567F1FB92E0}.Release|Any CPU.Build.0 = Release|Any CPU
		{1F952763-6F36-4295-B70C-5DFF1D85D1DD}.Debug|Any CPU.ActiveCfg = Debug|Any CPU
		{1F952763-6F36-4295-B70C-5DFF1D85D1DD}.Debug|Any CPU.Build.0 = Debug|Any CPU
		{1F952763-6F36-4295-B70C-5DFF1D85D1DD}.Release|Any CPU.ActiveCfg = Release|Any CPU
		{1F952763-6F36-4295-B70C-5DFF1D85D1DD}.Release|Any CPU.Build.0 = Release|Any CPU
		{1CB4F5BD-8687-472D-891B-5BB0879CE454}.Debug|Any CPU.ActiveCfg = Debug|Any CPU
		{1CB4F5BD-8687-472D-891B-5BB0879CE454}.Debug|Any CPU.Build.0 = Debug|Any CPU
		{1CB4F5BD-8687-472D-891B-5BB0879CE454}.Release|Any CPU.ActiveCfg = Release|Any CPU
		{1CB4F5BD-8687-472D-891B-5BB0879CE454}.Release|Any CPU.Build.0 = Release|Any CPU
	EndGlobalSection
	GlobalSection(SolutionProperties) = preSolution
		HideSolutionNode = FALSE
	EndGlobalSection
EndGlobal
