
Microsoft Visual Studio Solution File, Format Version 12.00
# Visual Studio Express 2012 for Windows Desktop
Project("{FAE04EC0-301F-11D3-BF4B-00C04F79EFBC}") = "BingMapControl", "BingMapControl\BingMapControl.csproj", "{A8D9C343-7679-443D-AB83-74D5ACFCDFEA}"
EndProject
Global
	GlobalSection(SolutionConfigurationPlatforms) = preSolution
		Debug|Any CPU = Debug|Any CPU
		Release|Any CPU = Release|Any CPU
	EndGlobalSection
	GlobalSection(ProjectConfigurationPlatforms) = postSolution
		{A8D9C343-7679-443D-AB83-74D5ACFCDFEA}.Debug|Any CPU.ActiveCfg = Debug|Any CPU
		{A8D9C343-7679-443D-AB83-74D5ACFCDFEA}.Debug|Any CPU.Build.0 = Debug|Any CPU
		{A8D9C343-7679-443D-AB83-74D5ACFCDFEA}.Release|Any CPU.ActiveCfg = Release|Any CPU
		{A8D9C343-7679-443D-AB83-74D5ACFCDFEA}.Release|Any CPU.Build.0 = Release|Any CPU
	EndGlobalSection
	GlobalSection(SolutionProperties) = preSolution
		HideSolutionNode = FALSE
	EndGlobalSection
EndGlobal
