
Microsoft Visual Studio Solution File, Format Version 9.00
# Visual Studio 2005
Project("{F184B08F-C81C-45F6-A57F-5ABD9991F28F}") = "BackGroundWorkerEjemplo", "BackGroundWorkerEjemplo\BackGroundWorkerEjemplo.vbproj", "{8E84FC78-9953-470F-9FCD-55016973A573}"
EndProject
Global
	GlobalSection(SolutionConfigurationPlatforms) = preSolution
		Debug|Any CPU = Debug|Any CPU
		Release|Any CPU = Release|Any CPU
	EndGlobalSection
	GlobalSection(ProjectConfigurationPlatforms) = postSolution
		{8E84FC78-9953-470F-9FCD-55016973A573}.Debug|Any CPU.ActiveCfg = Debug|Any CPU
		{8E84FC78-9953-470F-9FCD-55016973A573}.Debug|Any CPU.Build.0 = Debug|Any CPU
		{8E84FC78-9953-470F-9FCD-55016973A573}.Release|Any CPU.ActiveCfg = Release|Any CPU
		{8E84FC78-9953-470F-9FCD-55016973A573}.Release|Any CPU.Build.0 = Release|Any CPU
	EndGlobalSection
	GlobalSection(SolutionProperties) = preSolution
		HideSolutionNode = FALSE
	EndGlobalSection
EndGlobal
