Microsoft Visual Studio Solution File, Format Version 7.00
Project("{FAE04EC0-301F-11D3-BF4B-00C04F79EFBC}") = "COMPlusDotNet", "COMPlusDotNet.csproj", "{3E75B234-373B-424C-BDDE-D7FD6C07635E}"
EndProject
Global
	GlobalSection(SolutionConfiguration) = preSolution
		ConfigName.0 = Debug
		ConfigName.1 = Release
	EndGlobalSection
	GlobalSection(ProjectDependencies) = postSolution
	EndGlobalSection
	GlobalSection(ProjectConfiguration) = postSolution
		{3E75B234-373B-424C-BDDE-D7FD6C07635E}.Debug.ActiveCfg = Debug|.NET
		{3E75B234-373B-424C-BDDE-D7FD6C07635E}.Debug.Build.0 = Debug|.NET
		{3E75B234-373B-424C-BDDE-D7FD6C07635E}.Release.ActiveCfg = Release|.NET
		{3E75B234-373B-424C-BDDE-D7FD6C07635E}.Release.Build.0 = Release|.NET
	EndGlobalSection
	GlobalSection(ExtensibilityGlobals) = postSolution
	EndGlobalSection
	GlobalSection(ExtensibilityAddIns) = postSolution
	EndGlobalSection
EndGlobal
