
Microsoft Visual Studio Solution File, Format Version 12.00
# Visual Studio 2013
VisualStudioVersion = 12.0.31101.0
MinimumVisualStudioVersion = 10.0.40219.1
Project("{F184B08F-C81C-45F6-A57F-5ABD9991F28F}") = "LocalizeDataAnnotations", "LocalizeDataAnnotations\LocalizeDataAnnotations.vbproj", "{BECF92E2-4C3F-4B8A-BF67-748836D61669}"
EndProject
Global
	GlobalSection(SolutionConfigurationPlatforms) = preSolution
		Debug|Any CPU = Debug|Any CPU
		Release|Any CPU = Release|Any CPU
	EndGlobalSection
	GlobalSection(ProjectConfigurationPlatforms) = postSolution
		{BECF92E2-4C3F-4B8A-BF67-748836D61669}.Debug|Any CPU.ActiveCfg = Debug|Any CPU
		{BECF92E2-4C3F-4B8A-BF67-748836D61669}.Debug|Any CPU.Build.0 = Debug|Any CPU
		{BECF92E2-4C3F-4B8A-BF67-748836D61669}.Release|Any CPU.ActiveCfg = Release|Any CPU
		{BECF92E2-4C3F-4B8A-BF67-748836D61669}.Release|Any CPU.Build.0 = Release|Any CPU
	EndGlobalSection
	GlobalSection(SolutionProperties) = preSolution
		HideSolutionNode = FALSE
	EndGlobalSection
EndGlobal
