
Microsoft Visual Studio Solution File, Format Version 12.00
# Visual Studio 2013
VisualStudioVersion = 12.0.40629.0
MinimumVisualStudioVersion = 10.0.40219.1
Project("{F184B08F-C81C-45F6-A57F-5ABD9991F28F}") = "DataAccess_VB", "DataAccess\DataAccess_VB.vbproj", "{B8A6DF0D-9A46-4B5E-AEC0-7AF8B8F696FB}"
EndProject
Project("{F184B08F-C81C-45F6-A57F-5ABD9991F28F}") = "WindowsApplication1", "WindowsApplication1\WindowsApplication1.vbproj", "{F8E479B3-0F92-43A7-AB2C-C8352F12E653}"
EndProject
Project("{FAE04EC0-301F-11D3-BF4B-00C04F79EFBC}") = "WindowsFormsApplication1", "WindowsFormsApplication1\WindowsFormsApplication1.csproj", "{4416F984-48FD-48F5-97D6-42C109168918}"
EndProject
Project("{FAE04EC0-301F-11D3-BF4B-00C04F79EFBC}") = "DataAccess_CS", "DataAccess_CS\DataAccess_CS.csproj", "{8DACE0A7-57B7-4AB8-A331-79B55057B6A9}"
EndProject
Global
	GlobalSection(SolutionConfigurationPlatforms) = preSolution
		Debug|Any CPU = Debug|Any CPU
		Release|Any CPU = Release|Any CPU
	EndGlobalSection
	GlobalSection(ProjectConfigurationPlatforms) = postSolution
		{B8A6DF0D-9A46-4B5E-AEC0-7AF8B8F696FB}.Debug|Any CPU.ActiveCfg = Debug|Any CPU
		{B8A6DF0D-9A46-4B5E-AEC0-7AF8B8F696FB}.Debug|Any CPU.Build.0 = Debug|Any CPU
		{B8A6DF0D-9A46-4B5E-AEC0-7AF8B8F696FB}.Release|Any CPU.ActiveCfg = Release|Any CPU
		{B8A6DF0D-9A46-4B5E-AEC0-7AF8B8F696FB}.Release|Any CPU.Build.0 = Release|Any CPU
		{F8E479B3-0F92-43A7-AB2C-C8352F12E653}.Debug|Any CPU.ActiveCfg = Debug|Any CPU
		{F8E479B3-0F92-43A7-AB2C-C8352F12E653}.Debug|Any CPU.Build.0 = Debug|Any CPU
		{F8E479B3-0F92-43A7-AB2C-C8352F12E653}.Release|Any CPU.ActiveCfg = Release|Any CPU
		{F8E479B3-0F92-43A7-AB2C-C8352F12E653}.Release|Any CPU.Build.0 = Release|Any CPU
		{4416F984-48FD-48F5-97D6-42C109168918}.Debug|Any CPU.ActiveCfg = Debug|Any CPU
		{4416F984-48FD-48F5-97D6-42C109168918}.Debug|Any CPU.Build.0 = Debug|Any CPU
		{4416F984-48FD-48F5-97D6-42C109168918}.Release|Any CPU.ActiveCfg = Release|Any CPU
		{4416F984-48FD-48F5-97D6-42C109168918}.Release|Any CPU.Build.0 = Release|Any CPU
		{8DACE0A7-57B7-4AB8-A331-79B55057B6A9}.Debug|Any CPU.ActiveCfg = Debug|Any CPU
		{8DACE0A7-57B7-4AB8-A331-79B55057B6A9}.Debug|Any CPU.Build.0 = Debug|Any CPU
		{8DACE0A7-57B7-4AB8-A331-79B55057B6A9}.Release|Any CPU.ActiveCfg = Release|Any CPU
		{8DACE0A7-57B7-4AB8-A331-79B55057B6A9}.Release|Any CPU.Build.0 = Release|Any CPU
	EndGlobalSection
	GlobalSection(SolutionProperties) = preSolution
		HideSolutionNode = FALSE
	EndGlobalSection
EndGlobal
