
Microsoft Visual Studio Solution File, Format Version 11.00
# Visual Studio 2010
Project("{FAE04EC0-301F-11D3-BF4B-00C04F79EFBC}") = "BTL.Application.Web", "BTL.Application.Web\BTL.Application.Web.csproj", "{2F21D4E6-6DC9-4D1F-9CEC-565CA01491C3}"
EndProject
Project("{2150E333-8FDC-42A3-9474-1A3956D46DE8}") = "Services", "Services", "{3572A3B6-0BAC-42B8-9558-498E6EE1D182}"
EndProject
Project("{2150E333-8FDC-42A3-9474-1A3956D46DE8}") = "Apps", "Apps", "{9CA47AD6-2E0A-42A1-B47B-D482DA76D1D6}"
EndProject
Project("{FAE04EC0-301F-11D3-BF4B-00C04F79EFBC}") = "BTL.Application.Web.Infrastructure", "BTL.Application.Web.Infrastructure\BTL.Application.Web.Infrastructure.csproj", "{7F8EBF09-4445-47D6-8942-AD1B8C9EDB8F}"
EndProject
Project("{FAE04EC0-301F-11D3-BF4B-00C04F79EFBC}") = "BTL.Application.Facade", "BTL.Application.Facade\BTL.Application.Facade.csproj", "{AB310FD8-FB1E-4BEF-99DA-9192BBE329B7}"
EndProject
Project("{2150E333-8FDC-42A3-9474-1A3956D46DE8}") = "Framework", "Framework", "{5B8818F9-C199-4624-B02A-53E909D2C11A}"
EndProject
Project("{2150E333-8FDC-42A3-9474-1A3956D46DE8}") = "DomainModel", "DomainModel", "{0CEAF74E-967C-431E-B8CD-FDA43646B3EC}"
EndProject
Project("{2150E333-8FDC-42A3-9474-1A3956D46DE8}") = "DataProcessing", "DataProcessing", "{B0BEDAF1-FAF4-408F-96FF-2C9F4C7A9206}"
EndProject
Project("{FAE04EC0-301F-11D3-BF4B-00C04F79EFBC}") = "BTL.Domain", "BTL.Domain\BTL.Domain.csproj", "{4C4C811F-DC3D-4536-A251-636ADFDC1198}"
EndProject
Project("{FAE04EC0-301F-11D3-BF4B-00C04F79EFBC}") = "BTL.Infrastructure", "BTL.Infrastructure\BTL.Infrastructure.csproj", "{194DBE47-73D0-4E18-BE85-E4ED94108A33}"
EndProject
Project("{FAE04EC0-301F-11D3-BF4B-00C04F79EFBC}") = "BTL.DataAccess", "BTL.DataAccess\BTL.DataAccess.csproj", "{73BD34C3-DBE4-4EA8-8180-9FBC3ECAEB59}"
EndProject
Project("{2150E333-8FDC-42A3-9474-1A3956D46DE8}") = "Apps.Plugins", "Apps.Plugins", "{29F602F6-D7BC-4E35-BD09-15F5CFD55C7E}"
EndProject
Project("{FAE04EC0-301F-11D3-BF4B-00C04F79EFBC}") = "BTL.Application.UserAuthoring", "Plugins\BTL.Application.UserAuthoring\BTL.Application.UserAuthoring.csproj", "{46F215C9-66B5-4DF7-A221-E53C87753B69}"
EndProject
Project("{2150E333-8FDC-42A3-9474-1A3956D46DE8}") = "AppSecurity", "AppSecurity", "{B0DD3BA4-3E93-4E0C-8D97-4844A09F4DEA}"
EndProject
Project("{FAE04EC0-301F-11D3-BF4B-00C04F79EFBC}") = "BTL.Services.AppSecurity.IISHost", "Services\AppSecurity\BTL.Services.AppSecurity.IISHost\BTL.Services.AppSecurity.IISHost.csproj", "{E8E3DF45-00FB-4AD9-8311-A517B36FADB5}"
EndProject
Project("{FAE04EC0-301F-11D3-BF4B-00C04F79EFBC}") = "BTL.Services.AppSecurity.Contract", "Services\AppSecurity\BTL.Services.AppSecurity.Contract\BTL.Services.AppSecurity.Contract.csproj", "{C4F1D73F-D9FC-4EDB-942E-0D80F63C245B}"
EndProject
Project("{FAE04EC0-301F-11D3-BF4B-00C04F79EFBC}") = "BTL.Services.AppSecurity.Service", "Services\AppSecurity\BTL.Services.AppSecurity.Service\BTL.Services.AppSecurity.Service.csproj", "{7801476B-B1D0-42EA-8E31-6D3BB1F119BE}"
EndProject
Project("{2150E333-8FDC-42A3-9474-1A3956D46DE8}") = "CoreComponents", "CoreComponents", "{FB59577F-B124-404E-ADA1-366BE4E0371B}"
EndProject
Project("{2150E333-8FDC-42A3-9474-1A3956D46DE8}") = "Presentations", "Presentations", "{A1B245A5-7A4F-4271-BEEC-3B0BC5AF4E0F}"
EndProject
Project("{FAE04EC0-301F-11D3-BF4B-00C04F79EFBC}") = "BTL.ContractMessages", "BTL.DataMessages\BTL.ContractMessages.csproj", "{6BA916A4-CF01-4F0D-9AF7-13B8B318C157}"
EndProject
Project("{2150E333-8FDC-42A3-9474-1A3956D46DE8}") = "AppAuthentication", "AppAuthentication", "{E1F916FC-A1A3-448A-A0AD-161FC6C1AB86}"
EndProject
Project("{FAE04EC0-301F-11D3-BF4B-00C04F79EFBC}") = "BTL.Services.AppAuthentication.Contract", "Services\AppAuthentication\BTL.Services.AppAuthentication.Contract\BTL.Services.AppAuthentication.Contract.csproj", "{9967DD14-C675-48B5-BF4E-1F377AC36391}"
EndProject
Project("{FAE04EC0-301F-11D3-BF4B-00C04F79EFBC}") = "BTL.Services.AppAuthentication.IISHost", "Services\AppAuthentication\BTL.Services.AppAuthentication.IISHost\BTL.Services.AppAuthentication.IISHost.csproj", "{C40ECB3B-B008-46D2-9EEC-E1EE0F9E566B}"
EndProject
Project("{FAE04EC0-301F-11D3-BF4B-00C04F79EFBC}") = "BTL.Services.AppAuthentication.Service", "Services\AppAuthentication\BTL.Services.AppAuthentication.Service\BTL.Services.AppAuthentication.Service.csproj", "{DFD5920A-D9F4-4ACE-9E10-476EF4093027}"
EndProject
Project("{FAE04EC0-301F-11D3-BF4B-00C04F79EFBC}") = "BTL.Services.AppAuthentication.Messages", "Services\AppAuthentication\BTL.Services.AppAuthentication.Messages\BTL.Services.AppAuthentication.Messages.csproj", "{EF21019D-0AF5-4C17-B513-DC527EC2A329}"
EndProject
Global
	GlobalSection(SolutionConfigurationPlatforms) = preSolution
		Debug|Any CPU = Debug|Any CPU
		Release|Any CPU = Release|Any CPU
	EndGlobalSection
	GlobalSection(ProjectConfigurationPlatforms) = postSolution
		{2F21D4E6-6DC9-4D1F-9CEC-565CA01491C3}.Debug|Any CPU.ActiveCfg = Debug|Any CPU
		{2F21D4E6-6DC9-4D1F-9CEC-565CA01491C3}.Debug|Any CPU.Build.0 = Debug|Any CPU
		{2F21D4E6-6DC9-4D1F-9CEC-565CA01491C3}.Release|Any CPU.ActiveCfg = Release|Any CPU
		{2F21D4E6-6DC9-4D1F-9CEC-565CA01491C3}.Release|Any CPU.Build.0 = Release|Any CPU
		{7F8EBF09-4445-47D6-8942-AD1B8C9EDB8F}.Debug|Any CPU.ActiveCfg = Debug|Any CPU
		{7F8EBF09-4445-47D6-8942-AD1B8C9EDB8F}.Debug|Any CPU.Build.0 = Debug|Any CPU
		{7F8EBF09-4445-47D6-8942-AD1B8C9EDB8F}.Release|Any CPU.ActiveCfg = Release|Any CPU
		{7F8EBF09-4445-47D6-8942-AD1B8C9EDB8F}.Release|Any CPU.Build.0 = Release|Any CPU
		{AB310FD8-FB1E-4BEF-99DA-9192BBE329B7}.Debug|Any CPU.ActiveCfg = Debug|Any CPU
		{AB310FD8-FB1E-4BEF-99DA-9192BBE329B7}.Debug|Any CPU.Build.0 = Debug|Any CPU
		{AB310FD8-FB1E-4BEF-99DA-9192BBE329B7}.Release|Any CPU.ActiveCfg = Release|Any CPU
		{AB310FD8-FB1E-4BEF-99DA-9192BBE329B7}.Release|Any CPU.Build.0 = Release|Any CPU
		{4C4C811F-DC3D-4536-A251-636ADFDC1198}.Debug|Any CPU.ActiveCfg = Debug|Any CPU
		{4C4C811F-DC3D-4536-A251-636ADFDC1198}.Debug|Any CPU.Build.0 = Debug|Any CPU
		{4C4C811F-DC3D-4536-A251-636ADFDC1198}.Release|Any CPU.ActiveCfg = Release|Any CPU
		{4C4C811F-DC3D-4536-A251-636ADFDC1198}.Release|Any CPU.Build.0 = Release|Any CPU
		{194DBE47-73D0-4E18-BE85-E4ED94108A33}.Debug|Any CPU.ActiveCfg = Debug|Any CPU
		{194DBE47-73D0-4E18-BE85-E4ED94108A33}.Debug|Any CPU.Build.0 = Debug|Any CPU
		{194DBE47-73D0-4E18-BE85-E4ED94108A33}.Release|Any CPU.ActiveCfg = Release|Any CPU
		{194DBE47-73D0-4E18-BE85-E4ED94108A33}.Release|Any CPU.Build.0 = Release|Any CPU
		{73BD34C3-DBE4-4EA8-8180-9FBC3ECAEB59}.Debug|Any CPU.ActiveCfg = Debug|Any CPU
		{73BD34C3-DBE4-4EA8-8180-9FBC3ECAEB59}.Debug|Any CPU.Build.0 = Debug|Any CPU
		{73BD34C3-DBE4-4EA8-8180-9FBC3ECAEB59}.Release|Any CPU.ActiveCfg = Release|Any CPU
		{73BD34C3-DBE4-4EA8-8180-9FBC3ECAEB59}.Release|Any CPU.Build.0 = Release|Any CPU
		{46F215C9-66B5-4DF7-A221-E53C87753B69}.Debug|Any CPU.ActiveCfg = Debug|Any CPU
		{46F215C9-66B5-4DF7-A221-E53C87753B69}.Debug|Any CPU.Build.0 = Debug|Any CPU
		{46F215C9-66B5-4DF7-A221-E53C87753B69}.Release|Any CPU.ActiveCfg = Release|Any CPU
		{46F215C9-66B5-4DF7-A221-E53C87753B69}.Release|Any CPU.Build.0 = Release|Any CPU
		{E8E3DF45-00FB-4AD9-8311-A517B36FADB5}.Debug|Any CPU.ActiveCfg = Debug|Any CPU
		{E8E3DF45-00FB-4AD9-8311-A517B36FADB5}.Debug|Any CPU.Build.0 = Debug|Any CPU
		{E8E3DF45-00FB-4AD9-8311-A517B36FADB5}.Release|Any CPU.ActiveCfg = Release|Any CPU
		{E8E3DF45-00FB-4AD9-8311-A517B36FADB5}.Release|Any CPU.Build.0 = Release|Any CPU
		{C4F1D73F-D9FC-4EDB-942E-0D80F63C245B}.Debug|Any CPU.ActiveCfg = Debug|Any CPU
		{C4F1D73F-D9FC-4EDB-942E-0D80F63C245B}.Debug|Any CPU.Build.0 = Debug|Any CPU
		{C4F1D73F-D9FC-4EDB-942E-0D80F63C245B}.Release|Any CPU.ActiveCfg = Release|Any CPU
		{C4F1D73F-D9FC-4EDB-942E-0D80F63C245B}.Release|Any CPU.Build.0 = Release|Any CPU
		{7801476B-B1D0-42EA-8E31-6D3BB1F119BE}.Debug|Any CPU.ActiveCfg = Debug|Any CPU
		{7801476B-B1D0-42EA-8E31-6D3BB1F119BE}.Debug|Any CPU.Build.0 = Debug|Any CPU
		{7801476B-B1D0-42EA-8E31-6D3BB1F119BE}.Release|Any CPU.ActiveCfg = Release|Any CPU
		{7801476B-B1D0-42EA-8E31-6D3BB1F119BE}.Release|Any CPU.Build.0 = Release|Any CPU
		{6BA916A4-CF01-4F0D-9AF7-13B8B318C157}.Debug|Any CPU.ActiveCfg = Debug|Any CPU
		{6BA916A4-CF01-4F0D-9AF7-13B8B318C157}.Debug|Any CPU.Build.0 = Debug|Any CPU
		{6BA916A4-CF01-4F0D-9AF7-13B8B318C157}.Release|Any CPU.ActiveCfg = Release|Any CPU
		{6BA916A4-CF01-4F0D-9AF7-13B8B318C157}.Release|Any CPU.Build.0 = Release|Any CPU
		{9967DD14-C675-48B5-BF4E-1F377AC36391}.Debug|Any CPU.ActiveCfg = Debug|Any CPU
		{9967DD14-C675-48B5-BF4E-1F377AC36391}.Debug|Any CPU.Build.0 = Debug|Any CPU
		{9967DD14-C675-48B5-BF4E-1F377AC36391}.Release|Any CPU.ActiveCfg = Release|Any CPU
		{9967DD14-C675-48B5-BF4E-1F377AC36391}.Release|Any CPU.Build.0 = Release|Any CPU
		{C40ECB3B-B008-46D2-9EEC-E1EE0F9E566B}.Debug|Any CPU.ActiveCfg = Debug|Any CPU
		{C40ECB3B-B008-46D2-9EEC-E1EE0F9E566B}.Debug|Any CPU.Build.0 = Debug|Any CPU
		{C40ECB3B-B008-46D2-9EEC-E1EE0F9E566B}.Release|Any CPU.ActiveCfg = Release|Any CPU
		{C40ECB3B-B008-46D2-9EEC-E1EE0F9E566B}.Release|Any CPU.Build.0 = Release|Any CPU
		{DFD5920A-D9F4-4ACE-9E10-476EF4093027}.Debug|Any CPU.ActiveCfg = Debug|Any CPU
		{DFD5920A-D9F4-4ACE-9E10-476EF4093027}.Debug|Any CPU.Build.0 = Debug|Any CPU
		{DFD5920A-D9F4-4ACE-9E10-476EF4093027}.Release|Any CPU.ActiveCfg = Release|Any CPU
		{DFD5920A-D9F4-4ACE-9E10-476EF4093027}.Release|Any CPU.Build.0 = Release|Any CPU
		{EF21019D-0AF5-4C17-B513-DC527EC2A329}.Debug|Any CPU.ActiveCfg = Debug|Any CPU
		{EF21019D-0AF5-4C17-B513-DC527EC2A329}.Debug|Any CPU.Build.0 = Debug|Any CPU
		{EF21019D-0AF5-4C17-B513-DC527EC2A329}.Release|Any CPU.ActiveCfg = Release|Any CPU
		{EF21019D-0AF5-4C17-B513-DC527EC2A329}.Release|Any CPU.Build.0 = Release|Any CPU
	EndGlobalSection
	GlobalSection(SolutionProperties) = preSolution
		HideSolutionNode = FALSE
	EndGlobalSection
	GlobalSection(NestedProjects) = preSolution
		{9CA47AD6-2E0A-42A1-B47B-D482DA76D1D6} = {A1B245A5-7A4F-4271-BEEC-3B0BC5AF4E0F}
		{29F602F6-D7BC-4E35-BD09-15F5CFD55C7E} = {A1B245A5-7A4F-4271-BEEC-3B0BC5AF4E0F}
		{B0DD3BA4-3E93-4E0C-8D97-4844A09F4DEA} = {3572A3B6-0BAC-42B8-9558-498E6EE1D182}
		{E1F916FC-A1A3-448A-A0AD-161FC6C1AB86} = {3572A3B6-0BAC-42B8-9558-498E6EE1D182}
		{7F8EBF09-4445-47D6-8942-AD1B8C9EDB8F} = {9CA47AD6-2E0A-42A1-B47B-D482DA76D1D6}
		{AB310FD8-FB1E-4BEF-99DA-9192BBE329B7} = {9CA47AD6-2E0A-42A1-B47B-D482DA76D1D6}
		{2F21D4E6-6DC9-4D1F-9CEC-565CA01491C3} = {9CA47AD6-2E0A-42A1-B47B-D482DA76D1D6}
		{0CEAF74E-967C-431E-B8CD-FDA43646B3EC} = {FB59577F-B124-404E-ADA1-366BE4E0371B}
		{B0BEDAF1-FAF4-408F-96FF-2C9F4C7A9206} = {FB59577F-B124-404E-ADA1-366BE4E0371B}
		{5B8818F9-C199-4624-B02A-53E909D2C11A} = {FB59577F-B124-404E-ADA1-366BE4E0371B}
		{4C4C811F-DC3D-4536-A251-636ADFDC1198} = {0CEAF74E-967C-431E-B8CD-FDA43646B3EC}
		{6BA916A4-CF01-4F0D-9AF7-13B8B318C157} = {0CEAF74E-967C-431E-B8CD-FDA43646B3EC}
		{73BD34C3-DBE4-4EA8-8180-9FBC3ECAEB59} = {B0BEDAF1-FAF4-408F-96FF-2C9F4C7A9206}
		{194DBE47-73D0-4E18-BE85-E4ED94108A33} = {5B8818F9-C199-4624-B02A-53E909D2C11A}
		{46F215C9-66B5-4DF7-A221-E53C87753B69} = {29F602F6-D7BC-4E35-BD09-15F5CFD55C7E}
		{E8E3DF45-00FB-4AD9-8311-A517B36FADB5} = {B0DD3BA4-3E93-4E0C-8D97-4844A09F4DEA}
		{C4F1D73F-D9FC-4EDB-942E-0D80F63C245B} = {B0DD3BA4-3E93-4E0C-8D97-4844A09F4DEA}
		{7801476B-B1D0-42EA-8E31-6D3BB1F119BE} = {B0DD3BA4-3E93-4E0C-8D97-4844A09F4DEA}
		{9967DD14-C675-48B5-BF4E-1F377AC36391} = {E1F916FC-A1A3-448A-A0AD-161FC6C1AB86}
		{C40ECB3B-B008-46D2-9EEC-E1EE0F9E566B} = {E1F916FC-A1A3-448A-A0AD-161FC6C1AB86}
		{DFD5920A-D9F4-4ACE-9E10-476EF4093027} = {E1F916FC-A1A3-448A-A0AD-161FC6C1AB86}
		{EF21019D-0AF5-4C17-B513-DC527EC2A329} = {E1F916FC-A1A3-448A-A0AD-161FC6C1AB86}
	EndGlobalSection
EndGlobal
