
Microsoft Visual Studio Solution File, Format Version 12.00
# Visual Studio 2013
VisualStudioVersion = 12.0.30723.0
MinimumVisualStudioVersion = 10.0.40219.1
Project("{FAE04EC0-301F-11D3-BF4B-00C04F79EFBC}") = "WebApi2", "WebApi2\WebApi2.csproj", "{46BEA2A2-5A72-4A2F-8246-C3D3E827C197}"
EndProject
Global
	GlobalSection(SolutionConfigurationPlatforms) = preSolution
		Debug|Any CPU = Debug|Any CPU
		Release|Any CPU = Release|Any CPU
	EndGlobalSection
	GlobalSection(ProjectConfigurationPlatforms) = postSolution
		{46BEA2A2-5A72-4A2F-8246-C3D3E827C197}.Debug|Any CPU.ActiveCfg = Debug|Any CPU
		{46BEA2A2-5A72-4A2F-8246-C3D3E827C197}.Debug|Any CPU.Build.0 = Debug|Any CPU
		{46BEA2A2-5A72-4A2F-8246-C3D3E827C197}.Release|Any CPU.ActiveCfg = Release|Any CPU
		{46BEA2A2-5A72-4A2F-8246-C3D3E827C197}.Release|Any CPU.Build.0 = Release|Any CPU
	EndGlobalSection
	GlobalSection(SolutionProperties) = preSolution
		HideSolutionNode = FALSE
	EndGlobalSection
EndGlobal
