
Microsoft Visual Studio Solution File, Format Version 12.00
# Visual Studio 15
VisualStudioVersion = 15.0.27004.2005
MinimumVisualStudioVersion = 10.0.40219.1
Project("{FAE04EC0-301F-11D3-BF4B-00C04F79EFBC}") = "AspNetCoreDemo", "AspNetCoreDemo\AspNetCoreDemo.csproj", "{48F9D8AC-8364-4360-9716-DE8D9764DBF9}"
EndProject
Global
	GlobalSection(SolutionConfigurationPlatforms) = preSolution
		Debug|Any CPU = Debug|Any CPU
		Release|Any CPU = Release|Any CPU
	EndGlobalSection
	GlobalSection(ProjectConfigurationPlatforms) = postSolution
		{48F9D8AC-8364-4360-9716-DE8D9764DBF9}.Debug|Any CPU.ActiveCfg = Debug|Any CPU
		{48F9D8AC-8364-4360-9716-DE8D9764DBF9}.Debug|Any CPU.Build.0 = Debug|Any CPU
		{48F9D8AC-8364-4360-9716-DE8D9764DBF9}.Release|Any CPU.ActiveCfg = Release|Any CPU
		{48F9D8AC-8364-4360-9716-DE8D9764DBF9}.Release|Any CPU.Build.0 = Release|Any CPU
	EndGlobalSection
	GlobalSection(SolutionProperties) = preSolution
		HideSolutionNode = FALSE
	EndGlobalSection
	GlobalSection(ExtensibilityGlobals) = postSolution
		SolutionGuid = {45FF5CDA-2420-4B03-93C7-423177891099}
	EndGlobalSection
EndGlobal
