
Microsoft Visual Studio Solution File, Format Version 12.00
# Visual Studio 15
VisualStudioVersion = 15.0.27130.2027
MinimumVisualStudioVersion = 10.0.40219.1
Project("{FAE04EC0-301F-11D3-BF4B-00C04F79EFBC}") = "MVC_CRUD_Using_Entity_Framework_Code_First", "MVC_CRUD_Using_Entity_Framework_Code_First\MVC_CRUD_Using_Entity_Framework_Code_First.csproj", "{4D2806C3-25F3-4A56-9CB8-0E1BB718377D}"
EndProject
Global
	GlobalSection(SolutionConfigurationPlatforms) = preSolution
		Debug|Any CPU = Debug|Any CPU
		Release|Any CPU = Release|Any CPU
	EndGlobalSection
	GlobalSection(ProjectConfigurationPlatforms) = postSolution
		{4D2806C3-25F3-4A56-9CB8-0E1BB718377D}.Debug|Any CPU.ActiveCfg = Debug|Any CPU
		{4D2806C3-25F3-4A56-9CB8-0E1BB718377D}.Debug|Any CPU.Build.0 = Debug|Any CPU
		{4D2806C3-25F3-4A56-9CB8-0E1BB718377D}.Release|Any CPU.ActiveCfg = Release|Any CPU
		{4D2806C3-25F3-4A56-9CB8-0E1BB718377D}.Release|Any CPU.Build.0 = Release|Any CPU
	EndGlobalSection
	GlobalSection(SolutionProperties) = preSolution
		HideSolutionNode = FALSE
	EndGlobalSection
	GlobalSection(ExtensibilityGlobals) = postSolution
		SolutionGuid = {B441DE24-CB61-471B-BCAD-48F3FCCE45A6}
	EndGlobalSection
EndGlobal
