
Microsoft Visual Studio Solution File, Format Version 12.00
# Visual Studio 2013
VisualStudioVersion = 12.0.31101.0
MinimumVisualStudioVersion = 10.0.40219.1
Project("{FAE04EC0-301F-11D3-BF4B-00C04F79EFBC}") = "ShanuSchoppingCart_WCF", "ShanuSchoppingCart_WCF\ShanuSchoppingCart_WCF.csproj", "{C883C908-49DA-4102-8842-5CAE19E6A203}"
EndProject
Project("{FAE04EC0-301F-11D3-BF4B-00C04F79EFBC}") = "shanuShoppingCart_Angular", "shanuShoppingCart_Angular\shanuShoppingCart_Angular.csproj", "{79FA5C46-42CC-46AC-9908-97DEC16DE7D5}"
	ProjectSection(ProjectDependencies) = postProject
		{C883C908-49DA-4102-8842-5CAE19E6A203} = {C883C908-49DA-4102-8842-5CAE19E6A203}
	EndProjectSection
EndProject
Global
	GlobalSection(SolutionConfigurationPlatforms) = preSolution
		Debug|Any CPU = Debug|Any CPU
		Release|Any CPU = Release|Any CPU
	EndGlobalSection
	GlobalSection(ProjectConfigurationPlatforms) = postSolution
		{C883C908-49DA-4102-8842-5CAE19E6A203}.Debug|Any CPU.ActiveCfg = Debug|Any CPU
		{C883C908-49DA-4102-8842-5CAE19E6A203}.Debug|Any CPU.Build.0 = Debug|Any CPU
		{C883C908-49DA-4102-8842-5CAE19E6A203}.Release|Any CPU.ActiveCfg = Release|Any CPU
		{C883C908-49DA-4102-8842-5CAE19E6A203}.Release|Any CPU.Build.0 = Release|Any CPU
		{79FA5C46-42CC-46AC-9908-97DEC16DE7D5}.Debug|Any CPU.ActiveCfg = Debug|Any CPU
		{79FA5C46-42CC-46AC-9908-97DEC16DE7D5}.Debug|Any CPU.Build.0 = Debug|Any CPU
		{79FA5C46-42CC-46AC-9908-97DEC16DE7D5}.Release|Any CPU.ActiveCfg = Release|Any CPU
		{79FA5C46-42CC-46AC-9908-97DEC16DE7D5}.Release|Any CPU.Build.0 = Release|Any CPU
	EndGlobalSection
	GlobalSection(SolutionProperties) = preSolution
		HideSolutionNode = FALSE
	EndGlobalSection
EndGlobal
