
Microsoft Visual Studio Solution File, Format Version 12.00
# Visual Studio 14
VisualStudioVersion = 14.0.25420.1
MinimumVisualStudioVersion = 10.0.40219.1
Project("{2150E333-8FDC-42A3-9474-1A3956D46DE8}") = "src", "src", "{139CCABA-0102-4389-9ABA-D497954EC416}"
EndProject
Project("{2150E333-8FDC-42A3-9474-1A3956D46DE8}") = "Solution Items", "Solution Items", "{E80E889F-2F13-40F7-9733-795472DE1B84}"
	ProjectSection(SolutionItems) = preProject
		global.json = global.json
	EndProjectSection
EndProject
Project("{8BB2217D-0F2D-49D1-97BC-3654ED321F3B}") = "ASPNETCOREWEBAPI", "src\ASPNETCOREWEBAPI\ASPNETCOREWEBAPI.xproj", "{A96C205F-0FCC-4FDA-962F-736830BD62E4}"
EndProject
Global
	GlobalSection(SolutionConfigurationPlatforms) = preSolution
		Debug|Any CPU = Debug|Any CPU
		Release|Any CPU = Release|Any CPU
	EndGlobalSection
	GlobalSection(ProjectConfigurationPlatforms) = postSolution
		{A96C205F-0FCC-4FDA-962F-736830BD62E4}.Debug|Any CPU.ActiveCfg = Debug|Any CPU
		{A96C205F-0FCC-4FDA-962F-736830BD62E4}.Debug|Any CPU.Build.0 = Debug|Any CPU
		{A96C205F-0FCC-4FDA-962F-736830BD62E4}.Release|Any CPU.ActiveCfg = Release|Any CPU
		{A96C205F-0FCC-4FDA-962F-736830BD62E4}.Release|Any CPU.Build.0 = Release|Any CPU
	EndGlobalSection
	GlobalSection(SolutionProperties) = preSolution
		HideSolutionNode = FALSE
	EndGlobalSection
	GlobalSection(NestedProjects) = preSolution
		{A96C205F-0FCC-4FDA-962F-736830BD62E4} = {139CCABA-0102-4389-9ABA-D497954EC416}
	EndGlobalSection
EndGlobal
