
Microsoft Visual Studio Solution File, Format Version 12.00
# Visual Studio 2012
Project("{FAE04EC0-301F-11D3-BF4B-00C04F79EFBC}") = "ControlsToPdf", "ControlsToPdf\ControlsToPdf.csproj", "{3DEA1521-6609-4DFD-9BE8-AF24D12B798F}"
EndProject
Global
	GlobalSection(SolutionConfigurationPlatforms) = preSolution
		Debug|Any CPU = Debug|Any CPU
		Release|Any CPU = Release|Any CPU
	EndGlobalSection
	GlobalSection(ProjectConfigurationPlatforms) = postSolution
		{3DEA1521-6609-4DFD-9BE8-AF24D12B798F}.Debug|Any CPU.ActiveCfg = Debug|Any CPU
		{3DEA1521-6609-4DFD-9BE8-AF24D12B798F}.Debug|Any CPU.Build.0 = Debug|Any CPU
		{3DEA1521-6609-4DFD-9BE8-AF24D12B798F}.Release|Any CPU.ActiveCfg = Release|Any CPU
		{3DEA1521-6609-4DFD-9BE8-AF24D12B798F}.Release|Any CPU.Build.0 = Release|Any CPU
	EndGlobalSection
	GlobalSection(SolutionProperties) = preSolution
		HideSolutionNode = FALSE
	EndGlobalSection
EndGlobal
