
Microsoft Visual Studio Solution File, Format Version 12.00
# Visual Studio 15
VisualStudioVersion = 15.0.27428.1
MinimumVisualStudioVersion = 10.0.40219.1
Project("{FAE04EC0-301F-11D3-BF4B-00C04F79EFBC}") = "ExtensionLibrary", "ExtensionLibrary\ExtensionLibrary.csproj", "{56B4D0B2-A45D-4C62-9425-9D5F48D84D58}"
EndProject
Project("{FAE04EC0-301F-11D3-BF4B-00C04F79EFBC}") = "Operations", "Operations\Operations.csproj", "{FBC37155-564B-4748-A3E5-2BA3194A0128}"
EndProject
Project("{FAE04EC0-301F-11D3-BF4B-00C04F79EFBC}") = "FilteringTest", "FilteringTest\FilteringTest.csproj", "{92BEA74E-8E5C-4FA5-98C4-B8EA32626A03}"
EndProject
Global
	GlobalSection(SolutionConfigurationPlatforms) = preSolution
		Debug|Any CPU = Debug|Any CPU
		Release|Any CPU = Release|Any CPU
	EndGlobalSection
	GlobalSection(ProjectConfigurationPlatforms) = postSolution
		{56B4D0B2-A45D-4C62-9425-9D5F48D84D58}.Debug|Any CPU.ActiveCfg = Debug|Any CPU
		{56B4D0B2-A45D-4C62-9425-9D5F48D84D58}.Debug|Any CPU.Build.0 = Debug|Any CPU
		{56B4D0B2-A45D-4C62-9425-9D5F48D84D58}.Release|Any CPU.ActiveCfg = Release|Any CPU
		{56B4D0B2-A45D-4C62-9425-9D5F48D84D58}.Release|Any CPU.Build.0 = Release|Any CPU
		{FBC37155-564B-4748-A3E5-2BA3194A0128}.Debug|Any CPU.ActiveCfg = Debug|Any CPU
		{FBC37155-564B-4748-A3E5-2BA3194A0128}.Debug|Any CPU.Build.0 = Debug|Any CPU
		{FBC37155-564B-4748-A3E5-2BA3194A0128}.Release|Any CPU.ActiveCfg = Release|Any CPU
		{FBC37155-564B-4748-A3E5-2BA3194A0128}.Release|Any CPU.Build.0 = Release|Any CPU
		{92BEA74E-8E5C-4FA5-98C4-B8EA32626A03}.Debug|Any CPU.ActiveCfg = Debug|Any CPU
		{92BEA74E-8E5C-4FA5-98C4-B8EA32626A03}.Debug|Any CPU.Build.0 = Debug|Any CPU
		{92BEA74E-8E5C-4FA5-98C4-B8EA32626A03}.Release|Any CPU.ActiveCfg = Release|Any CPU
		{92BEA74E-8E5C-4FA5-98C4-B8EA32626A03}.Release|Any CPU.Build.0 = Release|Any CPU
	EndGlobalSection
	GlobalSection(SolutionProperties) = preSolution
		HideSolutionNode = FALSE
	EndGlobalSection
	GlobalSection(ExtensibilityGlobals) = postSolution
		SolutionGuid = {BAECE215-5CE9-42D3-A8BF-D0FF7D15C6EF}
	EndGlobalSection
EndGlobal
