
Microsoft Visual Studio Solution File, Format Version 12.00
# Visual Studio 2012
Project("{F184B08F-C81C-45F6-A57F-5ABD9991F28F}") = "WebApplication1.Converted", "WebApplication1.ConvertedToVBNet\WebApplication1.Converted.vbproj", "{BE9E90E3-6BF0-4B38-BF0A-452EA915AEFB}"
EndProject
Global
	GlobalSection(SolutionConfigurationPlatforms) = preSolution
		Debug|Any CPU = Debug|Any CPU
		Release|Any CPU = Release|Any CPU
	EndGlobalSection
	GlobalSection(ProjectConfigurationPlatforms) = postSolution
		{BE9E90E3-6BF0-4B38-BF0A-452EA915AEFB}.Debug|Any CPU.ActiveCfg = Debug|Any CPU
		{BE9E90E3-6BF0-4B38-BF0A-452EA915AEFB}.Debug|Any CPU.Build.0 = Debug|Any CPU
		{BE9E90E3-6BF0-4B38-BF0A-452EA915AEFB}.Release|Any CPU.ActiveCfg = Release|Any CPU
		{BE9E90E3-6BF0-4B38-BF0A-452EA915AEFB}.Release|Any CPU.Build.0 = Release|Any CPU
	EndGlobalSection
	GlobalSection(SolutionProperties) = preSolution
		HideSolutionNode = FALSE
	EndGlobalSection
EndGlobal
