
Microsoft Visual Studio Solution File, Format Version 12.00
# Visual Studio 2012
Project("{FAE04EC0-301F-11D3-BF4B-00C04F79EFBC}") = "ASPNET_BoostrapCustomThemeDemo", "ASPNET_BoostrapCustomThemeDemo\ASPNET_BoostrapCustomThemeDemo.csproj", "{F1C63734-E092-4448-9747-AE176F7ECB7E}"
EndProject
Global
	GlobalSection(SolutionConfigurationPlatforms) = preSolution
		Debug|Any CPU = Debug|Any CPU
		Release|Any CPU = Release|Any CPU
	EndGlobalSection
	GlobalSection(ProjectConfigurationPlatforms) = postSolution
		{F1C63734-E092-4448-9747-AE176F7ECB7E}.Debug|Any CPU.ActiveCfg = Debug|Any CPU
		{F1C63734-E092-4448-9747-AE176F7ECB7E}.Debug|Any CPU.Build.0 = Debug|Any CPU
		{F1C63734-E092-4448-9747-AE176F7ECB7E}.Release|Any CPU.ActiveCfg = Release|Any CPU
		{F1C63734-E092-4448-9747-AE176F7ECB7E}.Release|Any CPU.Build.0 = Release|Any CPU
	EndGlobalSection
	GlobalSection(SolutionProperties) = preSolution
		HideSolutionNode = FALSE
	EndGlobalSection
EndGlobal
