
Microsoft Visual Studio Solution File, Format Version 12.00
# Visual Studio 15
VisualStudioVersion = 15.0.28010.2016
MinimumVisualStudioVersion = 10.0.40219.1
Project("{F2A71F9B-5D33-465A-A702-920D77279786}") = "MainFsharp", "MainFsharp\MainFsharp.fsproj", "{7EA7508B-A124-43B8-B5D8-BF808CFF734A}"
EndProject
Project("{F2A71F9B-5D33-465A-A702-920D77279786}") = "MyUserControl", "MyUserControl\MyUserControl.fsproj", "{4F8F763B-5A63-483B-912F-08776D5F6DA4}"
EndProject
Global
	GlobalSection(SolutionConfigurationPlatforms) = preSolution
		Debug|Any CPU = Debug|Any CPU
		Release|Any CPU = Release|Any CPU
	EndGlobalSection
	GlobalSection(ProjectConfigurationPlatforms) = postSolution
		{7EA7508B-A124-43B8-B5D8-BF808CFF734A}.Debug|Any CPU.ActiveCfg = Debug|Any CPU
		{7EA7508B-A124-43B8-B5D8-BF808CFF734A}.Debug|Any CPU.Build.0 = Debug|Any CPU
		{7EA7508B-A124-43B8-B5D8-BF808CFF734A}.Release|Any CPU.ActiveCfg = Release|Any CPU
		{7EA7508B-A124-43B8-B5D8-BF808CFF734A}.Release|Any CPU.Build.0 = Release|Any CPU
		{4F8F763B-5A63-483B-912F-08776D5F6DA4}.Debug|Any CPU.ActiveCfg = Debug|Any CPU
		{4F8F763B-5A63-483B-912F-08776D5F6DA4}.Debug|Any CPU.Build.0 = Debug|Any CPU
		{4F8F763B-5A63-483B-912F-08776D5F6DA4}.Release|Any CPU.ActiveCfg = Release|Any CPU
		{4F8F763B-5A63-483B-912F-08776D5F6DA4}.Release|Any CPU.Build.0 = Release|Any CPU
	EndGlobalSection
	GlobalSection(SolutionProperties) = preSolution
		HideSolutionNode = FALSE
	EndGlobalSection
	GlobalSection(ExtensibilityGlobals) = postSolution
		SolutionGuid = {EB62B636-866D-497E-AC17-D568DEC0EA1C}
	EndGlobalSection
EndGlobal
