
Microsoft Visual Studio Solution File, Format Version 11.00
# Visual Studio 2010
Project("{FAE04EC0-301F-11D3-BF4B-00C04F79EFBC}") = "ContosoUniversity", "ContosoUniversity\ContosoUniversity.csproj", "{640F4FBA-136A-4387-A4F5-CD20E73D2641}"
EndProject
Global
	GlobalSection(SolutionConfigurationPlatforms) = preSolution
		Debug|Any CPU = Debug|Any CPU
		Release|Any CPU = Release|Any CPU
	EndGlobalSection
	GlobalSection(ProjectConfigurationPlatforms) = postSolution
		{640F4FBA-136A-4387-A4F5-CD20E73D2641}.Debug|Any CPU.ActiveCfg = Debug|Any CPU
		{640F4FBA-136A-4387-A4F5-CD20E73D2641}.Debug|Any CPU.Build.0 = Debug|Any CPU
		{640F4FBA-136A-4387-A4F5-CD20E73D2641}.Release|Any CPU.ActiveCfg = Release|Any CPU
		{640F4FBA-136A-4387-A4F5-CD20E73D2641}.Release|Any CPU.Build.0 = Release|Any CPU
	EndGlobalSection
	GlobalSection(SolutionProperties) = preSolution
		HideSolutionNode = FALSE
	EndGlobalSection
EndGlobal
