
Microsoft Visual Studio Solution File, Format Version 11.00
# Visual Studio 2010
Project("{FAE04EC0-301F-11D3-BF4B-00C04F79EFBC}") = "CSV2JsonConversion", "CSV2JsonConversion\CSV2JsonConversion.csproj", "{349A40CA-EF8D-473C-872A-79F6C5FB752E}"
EndProject
Global
	GlobalSection(SolutionConfigurationPlatforms) = preSolution
		Debug|Any CPU = Debug|Any CPU
		Release|Any CPU = Release|Any CPU
	EndGlobalSection
	GlobalSection(ProjectConfigurationPlatforms) = postSolution
		{349A40CA-EF8D-473C-872A-79F6C5FB752E}.Debug|Any CPU.ActiveCfg = Debug|Any CPU
		{349A40CA-EF8D-473C-872A-79F6C5FB752E}.Debug|Any CPU.Build.0 = Debug|Any CPU
		{349A40CA-EF8D-473C-872A-79F6C5FB752E}.Release|Any CPU.ActiveCfg = Release|Any CPU
		{349A40CA-EF8D-473C-872A-79F6C5FB752E}.Release|Any CPU.Build.0 = Release|Any CPU
	EndGlobalSection
	GlobalSection(SolutionProperties) = preSolution
		HideSolutionNode = FALSE
	EndGlobalSection
EndGlobal
