
Microsoft Visual Studio Solution File, Format Version 12.00
# Visual Studio 2013
VisualStudioVersion = 12.0.40629.0
MinimumVisualStudioVersion = 10.0.40219.1
Project("{FAE04EC0-301F-11D3-BF4B-00C04F79EFBC}") = "NReco.PivotData.Examples.PivotTableMvc", "NReco.PivotData.Examples.PivotTableMvc\NReco.PivotData.Examples.PivotTableMvc.csproj", "{51EC4EEF-14D3-4017-B54A-A9839792159E}"
EndProject
Project("{FAE04EC0-301F-11D3-BF4B-00C04F79EFBC}") = "NReco.PivotData.Examples.PivotTableWebForms", "NReco.PivotData.Examples.PivotTableWebForms\NReco.PivotData.Examples.PivotTableWebForms.csproj", "{B9E83945-C7FA-472A-83F2-BE6387ACEB20}"
EndProject
Global
	GlobalSection(SolutionConfigurationPlatforms) = preSolution
		Debug|Any CPU = Debug|Any CPU
		Release|Any CPU = Release|Any CPU
	EndGlobalSection
	GlobalSection(ProjectConfigurationPlatforms) = postSolution
		{51EC4EEF-14D3-4017-B54A-A9839792159E}.Debug|Any CPU.ActiveCfg = Debug|Any CPU
		{51EC4EEF-14D3-4017-B54A-A9839792159E}.Debug|Any CPU.Build.0 = Debug|Any CPU
		{51EC4EEF-14D3-4017-B54A-A9839792159E}.Release|Any CPU.ActiveCfg = Release|Any CPU
		{51EC4EEF-14D3-4017-B54A-A9839792159E}.Release|Any CPU.Build.0 = Release|Any CPU
		{B9E83945-C7FA-472A-83F2-BE6387ACEB20}.Debug|Any CPU.ActiveCfg = Debug|Any CPU
		{B9E83945-C7FA-472A-83F2-BE6387ACEB20}.Debug|Any CPU.Build.0 = Debug|Any CPU
		{B9E83945-C7FA-472A-83F2-BE6387ACEB20}.Release|Any CPU.ActiveCfg = Release|Any CPU
		{B9E83945-C7FA-472A-83F2-BE6387ACEB20}.Release|Any CPU.Build.0 = Release|Any CPU
	EndGlobalSection
	GlobalSection(SolutionProperties) = preSolution
		HideSolutionNode = FALSE
	EndGlobalSection
EndGlobal
