
Microsoft Visual Studio Solution File, Format Version 12.00
# Visual Studio 2012
Project("{FAE04EC0-301F-11D3-BF4B-00C04F79EFBC}") = "DataGridHeaderBinding", "DataGridHeaderBinding\DataGridHeaderBinding.csproj", "{42A0668B-BC34-41A1-A0A8-65EA4FA45C87}"
EndProject
Global
	GlobalSection(SolutionConfigurationPlatforms) = preSolution
		Debug|Any CPU = Debug|Any CPU
		Release|Any CPU = Release|Any CPU
	EndGlobalSection
	GlobalSection(ProjectConfigurationPlatforms) = postSolution
		{42A0668B-BC34-41A1-A0A8-65EA4FA45C87}.Debug|Any CPU.ActiveCfg = Debug|Any CPU
		{42A0668B-BC34-41A1-A0A8-65EA4FA45C87}.Debug|Any CPU.Build.0 = Debug|Any CPU
		{42A0668B-BC34-41A1-A0A8-65EA4FA45C87}.Release|Any CPU.ActiveCfg = Release|Any CPU
		{42A0668B-BC34-41A1-A0A8-65EA4FA45C87}.Release|Any CPU.Build.0 = Release|Any CPU
	EndGlobalSection
	GlobalSection(SolutionProperties) = preSolution
		HideSolutionNode = FALSE
	EndGlobalSection
EndGlobal
