
Microsoft Visual Studio Solution File, Format Version 12.00
# Visual Studio 2013
VisualStudioVersion = 12.0.21005.1
MinimumVisualStudioVersion = 10.0.40219.1
Project("{FAE04EC0-301F-11D3-BF4B-00C04F79EFBC}") = "CnetSDK.PDFtoImage.Converter.Trial.Demo4.0", "CnetSDK.PDFtoImage.Converter.Trial.Demo4.0\CnetSDK.PDFtoImage.Converter.Trial.Demo4.0.csproj", "{A265F07F-FE53-4E1E-B6BF-0CC656B5FF75}"
EndProject
Global
	GlobalSection(SolutionConfigurationPlatforms) = preSolution
		Debug|Any CPU = Debug|Any CPU
		Release|Any CPU = Release|Any CPU
	EndGlobalSection
	GlobalSection(ProjectConfigurationPlatforms) = postSolution
		{A265F07F-FE53-4E1E-B6BF-0CC656B5FF75}.Debug|Any CPU.ActiveCfg = Debug|Any CPU
		{A265F07F-FE53-4E1E-B6BF-0CC656B5FF75}.Debug|Any CPU.Build.0 = Debug|Any CPU
		{A265F07F-FE53-4E1E-B6BF-0CC656B5FF75}.Release|Any CPU.ActiveCfg = Release|Any CPU
		{A265F07F-FE53-4E1E-B6BF-0CC656B5FF75}.Release|Any CPU.Build.0 = Release|Any CPU
	EndGlobalSection
	GlobalSection(SolutionProperties) = preSolution
		HideSolutionNode = FALSE
	EndGlobalSection
EndGlobal
