
Microsoft Visual Studio Solution File, Format Version 12.00
# Visual Studio 2012
Project("{FAE04EC0-301F-11D3-BF4B-00C04F79EFBC}") = "WebApplication1", "WebApplication1\WebApplication1.csproj", "{14DDD74F-CF55-46F0-95EF-686B935597EA}"
EndProject
Global
	GlobalSection(SolutionConfigurationPlatforms) = preSolution
		Debug|Any CPU = Debug|Any CPU
		Release|Any CPU = Release|Any CPU
	EndGlobalSection
	GlobalSection(ProjectConfigurationPlatforms) = postSolution
		{14DDD74F-CF55-46F0-95EF-686B935597EA}.Debug|Any CPU.ActiveCfg = Debug|Any CPU
		{14DDD74F-CF55-46F0-95EF-686B935597EA}.Debug|Any CPU.Build.0 = Debug|Any CPU
		{14DDD74F-CF55-46F0-95EF-686B935597EA}.Release|Any CPU.ActiveCfg = Release|Any CPU
		{14DDD74F-CF55-46F0-95EF-686B935597EA}.Release|Any CPU.Build.0 = Release|Any CPU
	EndGlobalSection
	GlobalSection(SolutionProperties) = preSolution
		HideSolutionNode = FALSE
	EndGlobalSection
EndGlobal
