
Microsoft Visual Studio Solution File, Format Version 10.00
# Visual Studio 2008
Project("{FAE04EC0-301F-11D3-BF4B-00C04F79EFBC}") = "Farmacia", "Farmacia\Farmacia.csproj", "{C793C875-209A-4E98-9584-85BE1C6ADB0B}"
EndProject
Project("{2150E333-8FDC-42A3-9474-1A3956D46DE8}") = "Solution Items", "Solution Items", "{D1011EF9-709E-4A4E-AD08-C81875280713}"
EndProject
Global
	GlobalSection(SolutionConfigurationPlatforms) = preSolution
		Debug|Any CPU = Debug|Any CPU
		Release|Any CPU = Release|Any CPU
	EndGlobalSection
	GlobalSection(ProjectConfigurationPlatforms) = postSolution
		{C793C875-209A-4E98-9584-85BE1C6ADB0B}.Debug|Any CPU.ActiveCfg = Debug|Any CPU
		{C793C875-209A-4E98-9584-85BE1C6ADB0B}.Debug|Any CPU.Build.0 = Debug|Any CPU
		{C793C875-209A-4E98-9584-85BE1C6ADB0B}.Release|Any CPU.ActiveCfg = Release|Any CPU
		{C793C875-209A-4E98-9584-85BE1C6ADB0B}.Release|Any CPU.Build.0 = Release|Any CPU
	EndGlobalSection
	GlobalSection(SolutionProperties) = preSolution
		HideSolutionNode = FALSE
	EndGlobalSection
EndGlobal
