
Microsoft Visual Studio Solution File, Format Version 12.00
# Visual Studio 2012
Project("{FAE04EC0-301F-11D3-BF4B-00C04F79EFBC}") = "ClientSocketWpfApp", "WpfApplication1\ClientSocketWpfApp.csproj", "{769CAEAE-C4E5-4A87-AE3F-E9FAA3B2169B}"
EndProject
Project("{FAE04EC0-301F-11D3-BF4B-00C04F79EFBC}") = "ServerSocketWpfApp", "ServerSocketWpfApp\ServerSocketWpfApp.csproj", "{6815091C-6365-490E-87A9-99B13027F410}"
EndProject
Global
	GlobalSection(SolutionConfigurationPlatforms) = preSolution
		Debug|Any CPU = Debug|Any CPU
		Release|Any CPU = Release|Any CPU
	EndGlobalSection
	GlobalSection(ProjectConfigurationPlatforms) = postSolution
		{6815091C-6365-490E-87A9-99B13027F410}.Debug|Any CPU.ActiveCfg = Debug|Any CPU
		{6815091C-6365-490E-87A9-99B13027F410}.Debug|Any CPU.Build.0 = Debug|Any CPU
		{6815091C-6365-490E-87A9-99B13027F410}.Release|Any CPU.ActiveCfg = Release|Any CPU
		{6815091C-6365-490E-87A9-99B13027F410}.Release|Any CPU.Build.0 = Release|Any CPU
		{769CAEAE-C4E5-4A87-AE3F-E9FAA3B2169B}.Debug|Any CPU.ActiveCfg = Debug|Any CPU
		{769CAEAE-C4E5-4A87-AE3F-E9FAA3B2169B}.Debug|Any CPU.Build.0 = Debug|Any CPU
		{769CAEAE-C4E5-4A87-AE3F-E9FAA3B2169B}.Release|Any CPU.ActiveCfg = Release|Any CPU
		{769CAEAE-C4E5-4A87-AE3F-E9FAA3B2169B}.Release|Any CPU.Build.0 = Release|Any CPU
	EndGlobalSection
	GlobalSection(SolutionProperties) = preSolution
		HideSolutionNode = FALSE
	EndGlobalSection
EndGlobal
