
Microsoft Visual Studio Solution File, Format Version 11.00
# Visual Studio 2010
Project("{FAE04EC0-301F-11D3-BF4B-00C04F79EFBC}") = "Open-VS2010", "Open-VS2010.csproj", "{156C63AC-7CE7-4343-8677-7E6993CE8395}"
EndProject
Global
	GlobalSection(SolutionConfigurationPlatforms) = preSolution
		Debug|x86 = Debug|x86
		Release|x86 = Release|x86
	EndGlobalSection
	GlobalSection(ProjectConfigurationPlatforms) = postSolution
		{156C63AC-7CE7-4343-8677-7E6993CE8395}.Debug|x86.ActiveCfg = Debug|x86
		{156C63AC-7CE7-4343-8677-7E6993CE8395}.Debug|x86.Build.0 = Debug|x86
		{156C63AC-7CE7-4343-8677-7E6993CE8395}.Release|x86.ActiveCfg = Release|x86
		{156C63AC-7CE7-4343-8677-7E6993CE8395}.Release|x86.Build.0 = Release|x86
	EndGlobalSection
	GlobalSection(SolutionProperties) = preSolution
		HideSolutionNode = FALSE
	EndGlobalSection
EndGlobal
