
Microsoft Visual Studio Solution File, Format Version 11.00
# Visual Studio 2010
Project("{F184B08F-C81C-45F6-A57F-5ABD9991F28F}") = "SHANUControlChart_CNT", "SHANUControlChart_CNT\SHANUControlChart_CNT.vbproj", "{7261E2E6-566B-450B-AE1D-94A5779C7E66}"
EndProject
Global
	GlobalSection(SolutionConfigurationPlatforms) = preSolution
		Debug|Any CPU = Debug|Any CPU
		Release|Any CPU = Release|Any CPU
	EndGlobalSection
	GlobalSection(ProjectConfigurationPlatforms) = postSolution
		{7261E2E6-566B-450B-AE1D-94A5779C7E66}.Debug|Any CPU.ActiveCfg = Debug|Any CPU
		{7261E2E6-566B-450B-AE1D-94A5779C7E66}.Debug|Any CPU.Build.0 = Debug|Any CPU
		{7261E2E6-566B-450B-AE1D-94A5779C7E66}.Release|Any CPU.ActiveCfg = Release|Any CPU
		{7261E2E6-566B-450B-AE1D-94A5779C7E66}.Release|Any CPU.Build.0 = Release|Any CPU
	EndGlobalSection
	GlobalSection(SolutionProperties) = preSolution
		HideSolutionNode = FALSE
	EndGlobalSection
EndGlobal
