
Microsoft Visual Studio Solution File, Format Version 12.00
# Visual Studio 2012
Project("{FAE04EC0-301F-11D3-BF4B-00C04F79EFBC}") = "n8d.UserProfileBulkImport", "n8d.UserProfileBulkImport\n8d.UserProfileBulkImport.csproj", "{6C6DEDCB-90B0-4450-8321-D116C46CCA1D}"
EndProject
Global
	GlobalSection(SolutionConfigurationPlatforms) = preSolution
		Debug|Any CPU = Debug|Any CPU
		Release|Any CPU = Release|Any CPU
	EndGlobalSection
	GlobalSection(ProjectConfigurationPlatforms) = postSolution
		{6C6DEDCB-90B0-4450-8321-D116C46CCA1D}.Debug|Any CPU.ActiveCfg = Debug|Any CPU
		{6C6DEDCB-90B0-4450-8321-D116C46CCA1D}.Debug|Any CPU.Build.0 = Debug|Any CPU
		{6C6DEDCB-90B0-4450-8321-D116C46CCA1D}.Release|Any CPU.ActiveCfg = Release|Any CPU
		{6C6DEDCB-90B0-4450-8321-D116C46CCA1D}.Release|Any CPU.Build.0 = Release|Any CPU
	EndGlobalSection
	GlobalSection(SolutionProperties) = preSolution
		HideSolutionNode = FALSE
	EndGlobalSection
EndGlobal
