
Microsoft Visual Studio Solution File, Format Version 12.00
# Visual Studio 2013
VisualStudioVersion = 12.0.40629.0
MinimumVisualStudioVersion = 10.0.40219.1
Project("{FAE04EC0-301F-11D3-BF4B-00C04F79EFBC}") = "csharp-vb-net-scan-twain-wia-scanner-api-app", "csharp-vb-net-scan-twain-wia-scanner-api-app\csharp-vb-net-scan-twain-wia-scanner-api-app.csproj", "{03FD8B90-1645-48F4-8D28-98097C387113}"
EndProject
Global
	GlobalSection(SolutionConfigurationPlatforms) = preSolution
		Debug|Any CPU = Debug|Any CPU
		Release|Any CPU = Release|Any CPU
	EndGlobalSection
	GlobalSection(ProjectConfigurationPlatforms) = postSolution
		{03FD8B90-1645-48F4-8D28-98097C387113}.Debug|Any CPU.ActiveCfg = Debug|Any CPU
		{03FD8B90-1645-48F4-8D28-98097C387113}.Debug|Any CPU.Build.0 = Debug|Any CPU
		{03FD8B90-1645-48F4-8D28-98097C387113}.Release|Any CPU.ActiveCfg = Release|Any CPU
		{03FD8B90-1645-48F4-8D28-98097C387113}.Release|Any CPU.Build.0 = Release|Any CPU
	EndGlobalSection
	GlobalSection(SolutionProperties) = preSolution
		HideSolutionNode = FALSE
	EndGlobalSection
EndGlobal
