
Microsoft Visual Studio Solution File, Format Version 12.00
# Visual Studio 15
VisualStudioVersion = 15.0.27428.2027
MinimumVisualStudioVersion = 10.0.40219.1
Project("{FAE04EC0-301F-11D3-BF4B-00C04F79EFBC}") = "AWS_SQS_Kinesis", "AWS_SQS_Kinesis\AWS_SQS_Kinesis.csproj", "{81142B6B-663B-4C45-8D27-7AB1959E0218}"
EndProject
Global
	GlobalSection(SolutionConfigurationPlatforms) = preSolution
		Debug|Any CPU = Debug|Any CPU
		Release|Any CPU = Release|Any CPU
	EndGlobalSection
	GlobalSection(ProjectConfigurationPlatforms) = postSolution
		{81142B6B-663B-4C45-8D27-7AB1959E0218}.Debug|Any CPU.ActiveCfg = Debug|Any CPU
		{81142B6B-663B-4C45-8D27-7AB1959E0218}.Debug|Any CPU.Build.0 = Debug|Any CPU
		{81142B6B-663B-4C45-8D27-7AB1959E0218}.Release|Any CPU.ActiveCfg = Release|Any CPU
		{81142B6B-663B-4C45-8D27-7AB1959E0218}.Release|Any CPU.Build.0 = Release|Any CPU
	EndGlobalSection
	GlobalSection(SolutionProperties) = preSolution
		HideSolutionNode = FALSE
	EndGlobalSection
	GlobalSection(ExtensibilityGlobals) = postSolution
		SolutionGuid = {450248E6-B234-44DF-929C-B5D2941C9783}
	EndGlobalSection
EndGlobal
