
Microsoft Visual Studio Solution File, Format Version 11.00
# Visual Studio 2010
Project("{FAE04EC0-301F-11D3-BF4B-00C04F79EFBC}") = "Captcha", "Captcha\Captcha.csproj", "{6D9BFD01-29AD-4785-B5BA-EE1C33536A05}"
EndProject
Global
	GlobalSection(SolutionConfigurationPlatforms) = preSolution
		Debug|Any CPU = Debug|Any CPU
		Release|Any CPU = Release|Any CPU
	EndGlobalSection
	GlobalSection(ProjectConfigurationPlatforms) = postSolution
		{6D9BFD01-29AD-4785-B5BA-EE1C33536A05}.Debug|Any CPU.ActiveCfg = Debug|Any CPU
		{6D9BFD01-29AD-4785-B5BA-EE1C33536A05}.Debug|Any CPU.Build.0 = Debug|Any CPU
		{6D9BFD01-29AD-4785-B5BA-EE1C33536A05}.Release|Any CPU.ActiveCfg = Release|Any CPU
		{6D9BFD01-29AD-4785-B5BA-EE1C33536A05}.Release|Any CPU.Build.0 = Release|Any CPU
	EndGlobalSection
	GlobalSection(SolutionProperties) = preSolution
		HideSolutionNode = FALSE
	EndGlobalSection
EndGlobal
