
Microsoft Visual Studio Solution File, Format Version 12.00
# Visual Studio 2012
Project("{FAE04EC0-301F-11D3-BF4B-00C04F79EFBC}") = "CrmPackage", "Develop1.ProcessStageControl\CrmPackage\CrmPackage.csproj", "{83630D11-403F-4234-AE61-DD4E542932A6}"
	ProjectSection(ProjectDependencies) = postProject
		{330AA224-C08C-4094-9F42-74330EFCC1BB} = {330AA224-C08C-4094-9F42-74330EFCC1BB}
	EndProjectSection
EndProject
Project("{FAE04EC0-301F-11D3-BF4B-00C04F79EFBC}") = "Workflow", "Develop1.ProcessStageControl\Workflow\Workflow.csproj", "{330AA224-C08C-4094-9F42-74330EFCC1BB}"
EndProject
Global
	GlobalSection(CRMSolutionProperties) = preSolution
		SolutionIsBoundToCRM = True
	EndGlobalSection
	GlobalSection(SolutionConfigurationPlatforms) = preSolution
		Debug|Any CPU = Debug|Any CPU
		Release|Any CPU = Release|Any CPU
	EndGlobalSection
	GlobalSection(ProjectConfigurationPlatforms) = postSolution
		{83630D11-403F-4234-AE61-DD4E542932A6}.Debug|Any CPU.ActiveCfg = Debug|Any CPU
		{83630D11-403F-4234-AE61-DD4E542932A6}.Debug|Any CPU.Build.0 = Debug|Any CPU
		{83630D11-403F-4234-AE61-DD4E542932A6}.Debug|Any CPU.Deploy.0 = Debug|Any CPU
		{83630D11-403F-4234-AE61-DD4E542932A6}.Release|Any CPU.ActiveCfg = Release|Any CPU
		{83630D11-403F-4234-AE61-DD4E542932A6}.Release|Any CPU.Build.0 = Release|Any CPU
		{83630D11-403F-4234-AE61-DD4E542932A6}.Release|Any CPU.Deploy.0 = Release|Any CPU
		{330AA224-C08C-4094-9F42-74330EFCC1BB}.Debug|Any CPU.ActiveCfg = Debug|Any CPU
		{330AA224-C08C-4094-9F42-74330EFCC1BB}.Debug|Any CPU.Build.0 = Debug|Any CPU
		{330AA224-C08C-4094-9F42-74330EFCC1BB}.Release|Any CPU.ActiveCfg = Release|Any CPU
		{330AA224-C08C-4094-9F42-74330EFCC1BB}.Release|Any CPU.Build.0 = Release|Any CPU
	EndGlobalSection
	GlobalSection(SolutionProperties) = preSolution
		HideSolutionNode = FALSE
	EndGlobalSection
EndGlobal
