
Microsoft Visual Studio Solution File, Format Version 11.00
# Visual Studio 2010
Project("{FAE04EC0-301F-11D3-BF4B-00C04F79EFBC}") = "XPStoPDF-VS2010", "XPStoPDF-VS2010.csproj", "{A9153E46-0026-48BE-A9A0-ACE8913FC9FF}"
EndProject
Global
	GlobalSection(SolutionConfigurationPlatforms) = preSolution
		Debug|Any CPU = Debug|Any CPU
		Release|Any CPU = Release|Any CPU
	EndGlobalSection
	GlobalSection(ProjectConfigurationPlatforms) = postSolution
		{A9153E46-0026-48BE-A9A0-ACE8913FC9FF}.Debug|Any CPU.ActiveCfg = Debug|Any CPU
		{A9153E46-0026-48BE-A9A0-ACE8913FC9FF}.Debug|Any CPU.Build.0 = Debug|Any CPU
		{A9153E46-0026-48BE-A9A0-ACE8913FC9FF}.Release|Any CPU.ActiveCfg = Release|Any CPU
		{A9153E46-0026-48BE-A9A0-ACE8913FC9FF}.Release|Any CPU.Build.0 = Release|Any CPU
	EndGlobalSection
	GlobalSection(SolutionProperties) = preSolution
		HideSolutionNode = FALSE
	EndGlobalSection
EndGlobal
