
Microsoft Visual Studio Solution File, Format Version 12.00
# Visual Studio 2013
VisualStudioVersion = 12.0.40629.0
MinimumVisualStudioVersion = 10.0.40219.1
Project("{FAE04EC0-301F-11D3-BF4B-00C04F79EFBC}") = "AddBookmark_PDF", "AddBookmark_PDF\AddBookmark_PDF.csproj", "{822AF332-E6B7-4740-A306-90F98081AAA7}"
EndProject
Project("{FAE04EC0-301F-11D3-BF4B-00C04F79EFBC}") = "AddBookmark1_PDF", "AddBookmark1_PDF\AddBookmark1_PDF.csproj", "{28113C4B-D463-4BF3-A38C-4A7D31D50553}"
EndProject
Project("{FAE04EC0-301F-11D3-BF4B-00C04F79EFBC}") = "ModifyBookmark_PDF", "ModifyBookmark_PDF\ModifyBookmark_PDF.csproj", "{E64BE72C-7523-4922-8D23-CB3035D00C42}"
EndProject
Project("{FAE04EC0-301F-11D3-BF4B-00C04F79EFBC}") = "RemoveBookmark_PDF", "RemoveBookmark_PDF\RemoveBookmark_PDF.csproj", "{28E17B0E-912A-4260-B33C-E6D86DCA8A1A}"
EndProject
Global
	GlobalSection(SolutionConfigurationPlatforms) = preSolution
		Debug|Any CPU = Debug|Any CPU
		Release|Any CPU = Release|Any CPU
	EndGlobalSection
	GlobalSection(ProjectConfigurationPlatforms) = postSolution
		{822AF332-E6B7-4740-A306-90F98081AAA7}.Debug|Any CPU.ActiveCfg = Debug|Any CPU
		{822AF332-E6B7-4740-A306-90F98081AAA7}.Debug|Any CPU.Build.0 = Debug|Any CPU
		{822AF332-E6B7-4740-A306-90F98081AAA7}.Release|Any CPU.ActiveCfg = Release|Any CPU
		{822AF332-E6B7-4740-A306-90F98081AAA7}.Release|Any CPU.Build.0 = Release|Any CPU
		{28113C4B-D463-4BF3-A38C-4A7D31D50553}.Debug|Any CPU.ActiveCfg = Debug|Any CPU
		{28113C4B-D463-4BF3-A38C-4A7D31D50553}.Debug|Any CPU.Build.0 = Debug|Any CPU
		{28113C4B-D463-4BF3-A38C-4A7D31D50553}.Release|Any CPU.ActiveCfg = Release|Any CPU
		{28113C4B-D463-4BF3-A38C-4A7D31D50553}.Release|Any CPU.Build.0 = Release|Any CPU
		{E64BE72C-7523-4922-8D23-CB3035D00C42}.Debug|Any CPU.ActiveCfg = Debug|Any CPU
		{E64BE72C-7523-4922-8D23-CB3035D00C42}.Debug|Any CPU.Build.0 = Debug|Any CPU
		{E64BE72C-7523-4922-8D23-CB3035D00C42}.Release|Any CPU.ActiveCfg = Release|Any CPU
		{E64BE72C-7523-4922-8D23-CB3035D00C42}.Release|Any CPU.Build.0 = Release|Any CPU
		{28E17B0E-912A-4260-B33C-E6D86DCA8A1A}.Debug|Any CPU.ActiveCfg = Debug|Any CPU
		{28E17B0E-912A-4260-B33C-E6D86DCA8A1A}.Debug|Any CPU.Build.0 = Debug|Any CPU
		{28E17B0E-912A-4260-B33C-E6D86DCA8A1A}.Release|Any CPU.ActiveCfg = Release|Any CPU
		{28E17B0E-912A-4260-B33C-E6D86DCA8A1A}.Release|Any CPU.Build.0 = Release|Any CPU
	EndGlobalSection
	GlobalSection(SolutionProperties) = preSolution
		HideSolutionNode = FALSE
	EndGlobalSection
EndGlobal
