
Microsoft Visual Studio Solution File, Format Version 12.00
# Visual Studio 2013
VisualStudioVersion = 12.0.21005.1
MinimumVisualStudioVersion = 10.0.40219.1
Project("{E24C65DC-7377-472B-9ABA-BC803B73C61A}") = "SignalRBroadcast-SQLData-ASP.NETVS2013", "http://localhost:23000", "{E5B2AAD9-3D60-4F0F-BD1C-7D2B4BEAF83E}"
	ProjectSection(WebsiteProperties) = preProject
		UseIISExpress = "true"
		TargetFrameworkMoniker = ".NETFramework,Version%3Dv4.5"
		Debug.AspNetCompiler.VirtualPath = "/localhost_23000"
		Debug.AspNetCompiler.PhysicalPath = "D:\Sample Applications\SignalRBroadcast-SQLData-ASP.NETVS2013\"
		Debug.AspNetCompiler.TargetPath = "PrecompiledWeb\localhost_23000\"
		Debug.AspNetCompiler.Updateable = "true"
		Debug.AspNetCompiler.ForceOverwrite = "true"
		Debug.AspNetCompiler.FixedNames = "false"
		Debug.AspNetCompiler.Debug = "True"
		Release.AspNetCompiler.VirtualPath = "/localhost_23000"
		Release.AspNetCompiler.PhysicalPath = "D:\Sample Applications\SignalRBroadcast-SQLData-ASP.NETVS2013\"
		Release.AspNetCompiler.TargetPath = "PrecompiledWeb\localhost_23000\"
		Release.AspNetCompiler.Updateable = "true"
		Release.AspNetCompiler.ForceOverwrite = "true"
		Release.AspNetCompiler.FixedNames = "false"
		Release.AspNetCompiler.Debug = "False"
		SlnRelativePath = "D:\Sample Applications\SignalRBroadcast-SQLData-ASP.NETVS2013\"
		DefaultWebSiteLanguage = "Visual C#"
	EndProjectSection
EndProject
Global
	GlobalSection(SolutionConfigurationPlatforms) = preSolution
		Debug|Any CPU = Debug|Any CPU
	EndGlobalSection
	GlobalSection(ProjectConfigurationPlatforms) = postSolution
		{E5B2AAD9-3D60-4F0F-BD1C-7D2B4BEAF83E}.Debug|Any CPU.ActiveCfg = Debug|Any CPU
		{E5B2AAD9-3D60-4F0F-BD1C-7D2B4BEAF83E}.Debug|Any CPU.Build.0 = Debug|Any CPU
	EndGlobalSection
	GlobalSection(SolutionProperties) = preSolution
		HideSolutionNode = FALSE
	EndGlobalSection
EndGlobal
