
Microsoft Visual Studio Solution File, Format Version 12.00
# Visual Studio 2012
Project("{FAE04EC0-301F-11D3-BF4B-00C04F79EFBC}") = "JogoVelha.SignalR.Server", "SweNug.SignalR.Server\JogoVelha.SignalR.Server.csproj", "{964EA00D-46A0-480C-A492-C84B5E0AA7A9}"
EndProject
Project("{FAE04EC0-301F-11D3-BF4B-00C04F79EFBC}") = "JogoVelha.SignalR.Tests", "SweNug.SignalR.Tests\JogoVelha.SignalR.Tests.csproj", "{7EDC30A6-DBE8-4AAB-9FA5-6AFC787CE8DD}"
EndProject
Project("{2150E333-8FDC-42A3-9474-1A3956D46DE8}") = ".nuget", ".nuget", "{E0109BC3-6D83-48A1-8208-9C8FE53AAA14}"
	ProjectSection(SolutionItems) = preProject
		.nuget\NuGet.Config = .nuget\NuGet.Config
		.nuget\NuGet.exe = .nuget\NuGet.exe
		.nuget\NuGet.targets = .nuget\NuGet.targets
	EndProjectSection
EndProject
Global
	GlobalSection(SolutionConfigurationPlatforms) = preSolution
		Debug|Any CPU = Debug|Any CPU
		Debug|ARM = Debug|ARM
		Debug|Mixed Platforms = Debug|Mixed Platforms
		Debug|Windows Phone = Debug|Windows Phone
		Debug|x64 = Debug|x64
		Debug|x86 = Debug|x86
		Release|Any CPU = Release|Any CPU
		Release|ARM = Release|ARM
		Release|Mixed Platforms = Release|Mixed Platforms
		Release|Windows Phone = Release|Windows Phone
		Release|x64 = Release|x64
		Release|x86 = Release|x86
	EndGlobalSection
	GlobalSection(ProjectConfigurationPlatforms) = postSolution
		{964EA00D-46A0-480C-A492-C84B5E0AA7A9}.Debug|Any CPU.ActiveCfg = Debug|Any CPU
		{964EA00D-46A0-480C-A492-C84B5E0AA7A9}.Debug|Any CPU.Build.0 = Debug|Any CPU
		{964EA00D-46A0-480C-A492-C84B5E0AA7A9}.Debug|ARM.ActiveCfg = Debug|Any CPU
		{964EA00D-46A0-480C-A492-C84B5E0AA7A9}.Debug|Mixed Platforms.ActiveCfg = Debug|Any CPU
		{964EA00D-46A0-480C-A492-C84B5E0AA7A9}.Debug|Mixed Platforms.Build.0 = Debug|Any CPU
		{964EA00D-46A0-480C-A492-C84B5E0AA7A9}.Debug|Windows Phone.ActiveCfg = Debug|Any CPU
		{964EA00D-46A0-480C-A492-C84B5E0AA7A9}.Debug|x64.ActiveCfg = Debug|Any CPU
		{964EA00D-46A0-480C-A492-C84B5E0AA7A9}.Debug|x86.ActiveCfg = Debug|Any CPU
		{964EA00D-46A0-480C-A492-C84B5E0AA7A9}.Release|Any CPU.ActiveCfg = Release|Any CPU
		{964EA00D-46A0-480C-A492-C84B5E0AA7A9}.Release|Any CPU.Build.0 = Release|Any CPU
		{964EA00D-46A0-480C-A492-C84B5E0AA7A9}.Release|ARM.ActiveCfg = Release|Any CPU
		{964EA00D-46A0-480C-A492-C84B5E0AA7A9}.Release|Mixed Platforms.ActiveCfg = Release|Any CPU
		{964EA00D-46A0-480C-A492-C84B5E0AA7A9}.Release|Mixed Platforms.Build.0 = Release|Any CPU
		{964EA00D-46A0-480C-A492-C84B5E0AA7A9}.Release|Windows Phone.ActiveCfg = Release|Any CPU
		{964EA00D-46A0-480C-A492-C84B5E0AA7A9}.Release|x64.ActiveCfg = Release|Any CPU
		{964EA00D-46A0-480C-A492-C84B5E0AA7A9}.Release|x86.ActiveCfg = Release|Any CPU
		{7EDC30A6-DBE8-4AAB-9FA5-6AFC787CE8DD}.Debug|Any CPU.ActiveCfg = Debug|Any CPU
		{7EDC30A6-DBE8-4AAB-9FA5-6AFC787CE8DD}.Debug|Any CPU.Build.0 = Debug|Any CPU
		{7EDC30A6-DBE8-4AAB-9FA5-6AFC787CE8DD}.Debug|ARM.ActiveCfg = Debug|Any CPU
		{7EDC30A6-DBE8-4AAB-9FA5-6AFC787CE8DD}.Debug|Mixed Platforms.ActiveCfg = Debug|Any CPU
		{7EDC30A6-DBE8-4AAB-9FA5-6AFC787CE8DD}.Debug|Mixed Platforms.Build.0 = Debug|Any CPU
		{7EDC30A6-DBE8-4AAB-9FA5-6AFC787CE8DD}.Debug|Windows Phone.ActiveCfg = Debug|Any CPU
		{7EDC30A6-DBE8-4AAB-9FA5-6AFC787CE8DD}.Debug|x64.ActiveCfg = Debug|Any CPU
		{7EDC30A6-DBE8-4AAB-9FA5-6AFC787CE8DD}.Debug|x86.ActiveCfg = Debug|Any CPU
		{7EDC30A6-DBE8-4AAB-9FA5-6AFC787CE8DD}.Release|Any CPU.ActiveCfg = Release|Any CPU
		{7EDC30A6-DBE8-4AAB-9FA5-6AFC787CE8DD}.Release|Any CPU.Build.0 = Release|Any CPU
		{7EDC30A6-DBE8-4AAB-9FA5-6AFC787CE8DD}.Release|ARM.ActiveCfg = Release|Any CPU
		{7EDC30A6-DBE8-4AAB-9FA5-6AFC787CE8DD}.Release|Mixed Platforms.ActiveCfg = Release|Any CPU
		{7EDC30A6-DBE8-4AAB-9FA5-6AFC787CE8DD}.Release|Mixed Platforms.Build.0 = Release|Any CPU
		{7EDC30A6-DBE8-4AAB-9FA5-6AFC787CE8DD}.Release|Windows Phone.ActiveCfg = Release|Any CPU
		{7EDC30A6-DBE8-4AAB-9FA5-6AFC787CE8DD}.Release|x64.ActiveCfg = Release|Any CPU
		{7EDC30A6-DBE8-4AAB-9FA5-6AFC787CE8DD}.Release|x86.ActiveCfg = Release|Any CPU
	EndGlobalSection
	GlobalSection(SolutionProperties) = preSolution
		HideSolutionNode = FALSE
	EndGlobalSection
EndGlobal
