
Microsoft Visual Studio Solution File, Format Version 12.00
# Visual Studio 15
VisualStudioVersion = 15.0.26403.3
MinimumVisualStudioVersion = 10.0.40219.1
Project("{F184B08F-C81C-45F6-A57F-5ABD9991F28F}") = "Conways Game of Life", "Conways Game of Life\Conways Game of Life.vbproj", "{B6C6CCF3-981E-450C-9710-1904DD962D59}"
EndProject
Global
	GlobalSection(SolutionConfigurationPlatforms) = preSolution
		Debug|Any CPU = Debug|Any CPU
		Release|Any CPU = Release|Any CPU
	EndGlobalSection
	GlobalSection(ProjectConfigurationPlatforms) = postSolution
		{B6C6CCF3-981E-450C-9710-1904DD962D59}.Debug|Any CPU.ActiveCfg = Debug|Any CPU
		{B6C6CCF3-981E-450C-9710-1904DD962D59}.Debug|Any CPU.Build.0 = Debug|Any CPU
		{B6C6CCF3-981E-450C-9710-1904DD962D59}.Release|Any CPU.ActiveCfg = Release|Any CPU
		{B6C6CCF3-981E-450C-9710-1904DD962D59}.Release|Any CPU.Build.0 = Release|Any CPU
	EndGlobalSection
	GlobalSection(SolutionProperties) = preSolution
		HideSolutionNode = FALSE
	EndGlobalSection
EndGlobal
