
Microsoft Visual Studio Solution File, Format Version 12.00
# Visual Studio 14
VisualStudioVersion = 14.0.22512.0
MinimumVisualStudioVersion = 10.0.40219.1
Project("{2150E333-8FDC-42A3-9474-1A3956D46DE8}") = "Pacman", "Pacman", "{85D61AE5-1A93-4ED4-B6AD-5D805D1B139F}"
EndProject
Project("{39E2626F-3545-4960-A6E8-258AD8476CE5}") = "Pacman.Packaging", "Pacman\Pacman.Packaging\Pacman.Packaging.androidproj", "{D49F563A-B096-4085-B502-9ABF4E25BA6A}"
EndProject
Project("{8BC9CEB8-8B4A-11D0-8D11-00A0C91BC942}") = "Pacman.NativeActivity", "Pacman\Pacman.NativeActivity\Pacman.NativeActivity.vcxproj", "{0ECD5A68-A236-4E93-B633-AAD284EAF231}"
EndProject
Global
	GlobalSection(SolutionConfigurationPlatforms) = preSolution
		Debug|ARM = Debug|ARM
		Debug|x86 = Debug|x86
		Release|ARM = Release|ARM
		Release|x86 = Release|x86
	EndGlobalSection
	GlobalSection(ProjectConfigurationPlatforms) = postSolution
		{D49F563A-B096-4085-B502-9ABF4E25BA6A}.Debug|ARM.ActiveCfg = Debug|ARM
		{D49F563A-B096-4085-B502-9ABF4E25BA6A}.Debug|ARM.Build.0 = Debug|ARM
		{D49F563A-B096-4085-B502-9ABF4E25BA6A}.Debug|ARM.Deploy.0 = Debug|ARM
		{D49F563A-B096-4085-B502-9ABF4E25BA6A}.Debug|x86.ActiveCfg = Debug|x86
		{D49F563A-B096-4085-B502-9ABF4E25BA6A}.Debug|x86.Build.0 = Debug|x86
		{D49F563A-B096-4085-B502-9ABF4E25BA6A}.Debug|x86.Deploy.0 = Debug|x86
		{D49F563A-B096-4085-B502-9ABF4E25BA6A}.Release|ARM.ActiveCfg = Release|ARM
		{D49F563A-B096-4085-B502-9ABF4E25BA6A}.Release|ARM.Build.0 = Release|ARM
		{D49F563A-B096-4085-B502-9ABF4E25BA6A}.Release|ARM.Deploy.0 = Release|ARM
		{D49F563A-B096-4085-B502-9ABF4E25BA6A}.Release|x86.ActiveCfg = Release|x86
		{D49F563A-B096-4085-B502-9ABF4E25BA6A}.Release|x86.Build.0 = Release|x86
		{D49F563A-B096-4085-B502-9ABF4E25BA6A}.Release|x86.Deploy.0 = Release|x86
		{0ECD5A68-A236-4E93-B633-AAD284EAF231}.Debug|ARM.ActiveCfg = Debug|ARM
		{0ECD5A68-A236-4E93-B633-AAD284EAF231}.Debug|ARM.Build.0 = Debug|ARM
		{0ECD5A68-A236-4E93-B633-AAD284EAF231}.Debug|x86.ActiveCfg = Debug|x86
		{0ECD5A68-A236-4E93-B633-AAD284EAF231}.Debug|x86.Build.0 = Debug|x86
		{0ECD5A68-A236-4E93-B633-AAD284EAF231}.Release|ARM.ActiveCfg = Release|ARM
		{0ECD5A68-A236-4E93-B633-AAD284EAF231}.Release|ARM.Build.0 = Release|ARM
		{0ECD5A68-A236-4E93-B633-AAD284EAF231}.Release|x86.ActiveCfg = Release|x86
		{0ECD5A68-A236-4E93-B633-AAD284EAF231}.Release|x86.Build.0 = Release|x86
	EndGlobalSection
	GlobalSection(SolutionProperties) = preSolution
		HideSolutionNode = FALSE
	EndGlobalSection
	GlobalSection(NestedProjects) = preSolution
		{D49F563A-B096-4085-B502-9ABF4E25BA6A} = {85D61AE5-1A93-4ED4-B6AD-5D805D1B139F}
		{0ECD5A68-A236-4E93-B633-AAD284EAF231} = {85D61AE5-1A93-4ED4-B6AD-5D805D1B139F}
	EndGlobalSection
EndGlobal
